// !$*UTF8*$!
{
	archiveVersion = 1;
	classes = {
	};
	objectVersion = 110;
	objects = {

/* Begin PBXBuildFile section */
		94651772306BE452007A3F7A /* AppDelegate.swift in Sources */ = {isa = PBXBuildFile; fileRef = 94651771306BE452007A3F7A /* AppDelegate.swift */; };
		94651774306BE452007A3F7A /* SceneDelegate.swift in Sources */ = {isa = PBXBuildFile; fileRef = 94651773306BE452007A3F7A /* SceneDelegate.swift */; };
		94651777306BE452007A3F7A /* LaunchScreen.storyboard in Resources */ = {isa = PBXBuildFile; fileRef = 94651775306BE452007A3F7A /* LaunchScreen.storyboard */; };
		9465177A306BE452007A3F7A /* Main.storyboard in Resources */ = {isa = PBXBuildFile; fileRef = 94651778306BE452007A3F7A /* Main.storyboard */; };
		94651783306BE452007A3F7A /* AppDelegate.swift in Sources */ = {isa = PBXBuildFile; fileRef = 94651782306BE452007A3F7A /* AppDelegate.swift */; };
		94651786306BE452007A3F7A /* Main.storyboard in Resources */ = {isa = PBXBuildFile; fileRef = 94651784306BE452007A3F7A /* Main.storyboard */; };
		9465178D306BE452007A3F7A /* Archive.ph Opener Extension.appex in Embed Foundation Extensions */ = {isa = PBXBuildFile; fileRef = 9465178C306BE452007A3F7A /* Archive.ph Opener Extension.appex */; settings = {ATTRIBUTES = (RemoveHeadersOnCopy, ); }; };
		94651797306BE452007A3F7A /* Archive.ph Opener Extension.appex in Embed Foundation Extensions */ = {isa = PBXBuildFile; fileRef = 94651796306BE452007A3F7A /* Archive.ph Opener Extension.appex */; settings = {ATTRIBUTES = (RemoveHeadersOnCopy, ); }; };
		9465179C306BE452007A3F7A /* Main.html in Resources */ = {isa = PBXBuildFile; fileRef = 94651761306BE450007A3F7A /* Main.html */; };
		9465179D306BE452007A3F7A /* Main.html in Resources */ = {isa = PBXBuildFile; fileRef = 94651761306BE450007A3F7A /* Main.html */; };
		9465179E306BE452007A3F7A /* Icon.png in Resources */ = {isa = PBXBuildFile; fileRef = 94651763306BE450007A3F7A /* Icon.png */; };
		9465179F306BE452007A3F7A /* Icon.png in Resources */ = {isa = PBXBuildFile; fileRef = 94651763306BE450007A3F7A /* Icon.png */; };
		946517A0306BE452007A3F7A /* Style.css in Resources */ = {isa = PBXBuildFile; fileRef = 94651764306BE450007A3F7A /* Style.css */; };
		946517A1306BE452007A3F7A /* Style.css in Resources */ = {isa = PBXBuildFile; fileRef = 94651764306BE450007A3F7A /* Style.css */; };
		946517A2306BE452007A3F7A /* Script.js in Resources */ = {isa = PBXBuildFile; fileRef = 94651765306BE450007A3F7A /* Script.js */; };
		946517A3306BE452007A3F7A /* Script.js in Resources */ = {isa = PBXBuildFile; fileRef = 94651765306BE450007A3F7A /* Script.js */; };
		946517A4306BE452007A3F7A /* ViewController.swift in Sources */ = {isa = PBXBuildFile; fileRef = 94651766306BE450007A3F7A /* ViewController.swift */; };
		946517A5306BE452007A3F7A /* ViewController.swift in Sources */ = {isa = PBXBuildFile; fileRef = 94651766306BE450007A3F7A /* ViewController.swift */; };
		946517A6306BE452007A3F7A /* Assets.xcassets in Resources */ = {isa = PBXBuildFile; fileRef = 94651767306BE452007A3F7A /* Assets.xcassets */; };
		946517A7306BE452007A3F7A /* Assets.xcassets in Resources */ = {isa = PBXBuildFile; fileRef = 94651767306BE452007A3F7A /* Assets.xcassets */; };
		946517A8306BE452007A3F7A /* SafariWebExtensionHandler.swift in Sources */ = {isa = PBXBuildFile; fileRef = 94651769306BE452007A3F7A /* SafariWebExtensionHandler.swift */; };
		946517A9306BE452007A3F7A /* SafariWebExtensionHandler.swift in Sources */ = {isa = PBXBuildFile; fileRef = 94651769306BE452007A3F7A /* SafariWebExtensionHandler.swift */; };
		946517C2306BE452007A3F7A /* settings in Resources */ = {isa = PBXBuildFile; fileRef = 946517BB306BE452007A3F7A /* settings */; };
		946517C3306BE452007A3F7A /* popup in Resources */ = {isa = PBXBuildFile; fileRef = 946517BC306BE452007A3F7A /* popup */; };
		946517C4306BE452007A3F7A /* background.js in Resources */ = {isa = PBXBuildFile; fileRef = 946517BD306BE452007A3F7A /* background.js */; };
		946517C5306BE452007A3F7A /* images in Resources */ = {isa = PBXBuildFile; fileRef = 946517BE306BE452007A3F7A /* images */; };
		946517C6306BE452007A3F7A /* archive-url.js in Resources */ = {isa = PBXBuildFile; fileRef = 946517BF306BE452007A3F7A /* archive-url.js */; };
		946517C7306BE452007A3F7A /* manifest.json in Resources */ = {isa = PBXBuildFile; fileRef = 946517C0306BE452007A3F7A /* manifest.json */; };
		946517C8306BE452007A3F7A /* snapshot-probe.js in Resources */ = {isa = PBXBuildFile; fileRef = 946517C1306BE452007A3F7A /* snapshot-probe.js */; };
		946517C9306BE452007A3F7A /* settings in Resources */ = {isa = PBXBuildFile; fileRef = 946517BB306BE452007A3F7A /* settings */; };
		946517CA306BE452007A3F7A /* popup in Resources */ = {isa = PBXBuildFile; fileRef = 946517BC306BE452007A3F7A /* popup */; };
		946517CB306BE452007A3F7A /* background.js in Resources */ = {isa = PBXBuildFile; fileRef = 946517BD306BE452007A3F7A /* background.js */; };
		946517CC306BE452007A3F7A /* images in Resources */ = {isa = PBXBuildFile; fileRef = 946517BE306BE452007A3F7A /* images */; };
		946517CD306BE452007A3F7A /* archive-url.js in Resources */ = {isa = PBXBuildFile; fileRef = 946517BF306BE452007A3F7A /* archive-url.js */; };
		946517CE306BE452007A3F7A /* manifest.json in Resources */ = {isa = PBXBuildFile; fileRef = 946517C0306BE452007A3F7A /* manifest.json */; };
		946517CF306BE452007A3F7A /* snapshot-probe.js in Resources */ = {isa = PBXBuildFile; fileRef = 946517C1306BE452007A3F7A /* snapshot-probe.js */; };
/* End PBXBuildFile section */

/* Begin PBXContainerItemProxy section */
		9465178E306BE452007A3F7A /* PBXContainerItemProxy */ = {
			isa = PBXContainerItemProxy;
			containerPortal = 9465175B306BE450007A3F7A /* Project object */;
			proxyType = 1;
			remoteGlobalIDString = 9465178B306BE452007A3F7A;
			remoteInfo = "Archive.ph Opener Extension (iOS)";
		};
		94651798306BE452007A3F7A /* PBXContainerItemProxy */ = {
			isa = PBXContainerItemProxy;
			containerPortal = 9465175B306BE450007A3F7A /* Project object */;
			proxyType = 1;
			remoteGlobalIDString = 94651795306BE452007A3F7A;
			remoteInfo = "Archive.ph Opener Extension (macOS)";
		};
/* End PBXContainerItemProxy section */

/* Begin PBXCopyFilesBuildPhase section */
		946517AF306BE452007A3F7A /* Embed Foundation Extensions */ = {
			isa = PBXCopyFilesBuildPhase;
			dstPath = "";
			dstSubfolder = PlugIns;
			files = (
				9465178D306BE452007A3F7A /* Archive.ph Opener Extension.appex in Embed Foundation Extensions */,
			);
			name = "Embed Foundation Extensions";
		};
		946517B6306BE452007A3F7A /* Embed Foundation Extensions */ = {
			isa = PBXCopyFilesBuildPhase;
			dstPath = "";
			dstSubfolder = PlugIns;
			files = (
				94651797306BE452007A3F7A /* Archive.ph Opener Extension.appex in Embed Foundation Extensions */,
			);
			name = "Embed Foundation Extensions";
		};
/* End PBXCopyFilesBuildPhase section */

/* Begin PBXFileReference section */
		94651762306BE450007A3F7A /* Base */ = {isa = PBXFileReference; lastKnownFileType = text.html; name = Base; path = Base.lproj/Main.html; sourceTree = "<group>"; };
		94651763306BE450007A3F7A /* Icon.png */ = {isa = PBXFileReference; lastKnownFileType = image.png; path = Icon.png; sourceTree = "<group>"; };
		94651764306BE450007A3F7A /* Style.css */ = {isa = PBXFileReference; lastKnownFileType = text.css; path = Style.css; sourceTree = "<group>"; };
		94651765306BE450007A3F7A /* Script.js */ = {isa = PBXFileReference; lastKnownFileType = sourcecode.javascript; path = Script.js; sourceTree = "<group>"; };
		94651766306BE450007A3F7A /* ViewController.swift */ = {isa = PBXFileReference; lastKnownFileType = sourcecode.swift; path = ViewController.swift; sourceTree = "<group>"; };
		94651767306BE452007A3F7A /* Assets.xcassets */ = {isa = PBXFileReference; lastKnownFileType = folder.assetcatalog; path = Assets.xcassets; sourceTree = "<group>"; };
		94651769306BE452007A3F7A /* SafariWebExtensionHandler.swift */ = {isa = PBXFileReference; lastKnownFileType = sourcecode.swift; path = SafariWebExtensionHandler.swift; sourceTree = "<group>"; };
		9465176E306BE452007A3F7A /* Archive.ph Opener.app */ = {isa = PBXFileReference; explicitFileType = wrapper.application; includeInIndex = 0; path = "Archive.ph Opener.app"; sourceTree = BUILT_PRODUCTS_DIR; };
		94651771306BE452007A3F7A /* AppDelegate.swift */ = {isa = PBXFileReference; lastKnownFileType = sourcecode.swift; path = AppDelegate.swift; sourceTree = "<group>"; };
		94651773306BE452007A3F7A /* SceneDelegate.swift */ = {isa = PBXFileReference; lastKnownFileType = sourcecode.swift; path = SceneDelegate.swift; sourceTree = "<group>"; };
		94651776306BE452007A3F7A /* Base */ = {isa = PBXFileReference; lastKnownFileType = file.storyboard; name = Base; path = Base.lproj/LaunchScreen.storyboard; sourceTree = "<group>"; };
		94651779306BE452007A3F7A /* Base */ = {isa = PBXFileReference; lastKnownFileType = file.storyboard; name = Base; path = Base.lproj/Main.storyboard; sourceTree = "<group>"; };
		9465177B306BE452007A3F7A /* Info.plist */ = {isa = PBXFileReference; lastKnownFileType = text.plist.xml; path = Info.plist; sourceTree = "<group>"; };
		94651780306BE452007A3F7A /* Archive.ph Opener.app */ = {isa = PBXFileReference; explicitFileType = wrapper.application; includeInIndex = 0; path = "Archive.ph Opener.app"; sourceTree = BUILT_PRODUCTS_DIR; };
		94651782306BE452007A3F7A /* AppDelegate.swift */ = {isa = PBXFileReference; lastKnownFileType = sourcecode.swift; path = AppDelegate.swift; sourceTree = "<group>"; };
		94651785306BE452007A3F7A /* Base */ = {isa = PBXFileReference; lastKnownFileType = file.storyboard; name = Base; path = Base.lproj/Main.storyboard; sourceTree = "<group>"; };
		94651787306BE452007A3F7A /* Info.plist */ = {isa = PBXFileReference; lastKnownFileType = text.plist.xml; path = Info.plist; sourceTree = "<group>"; };
		9465178C306BE452007A3F7A /* Archive.ph Opener Extension.appex */ = {isa = PBXFileReference; explicitFileType = "wrapper.app-extension"; includeInIndex = 0; path = "Archive.ph Opener Extension.appex"; sourceTree = BUILT_PRODUCTS_DIR; };
		94651791306BE452007A3F7A /* Info.plist */ = {isa = PBXFileReference; lastKnownFileType = text.plist.xml; path = Info.plist; sourceTree = "<group>"; };
		94651796306BE452007A3F7A /* Archive.ph Opener Extension.appex */ = {isa = PBXFileReference; explicitFileType = "wrapper.app-extension"; includeInIndex = 0; path = "Archive.ph Opener Extension.appex"; sourceTree = BUILT_PRODUCTS_DIR; };
		9465179B306BE452007A3F7A /* Info.plist */ = {isa = PBXFileReference; lastKnownFileType = text.plist.xml; path = Info.plist; sourceTree = "<group>"; };
		946517BB306BE452007A3F7A /* settings */ = {isa = PBXFileReference; lastKnownFileType = folder; name = settings; path = ../../../extension/settings; sourceTree = "<group>"; };
		946517BC306BE452007A3F7A /* popup */ = {isa = PBXFileReference; lastKnownFileType = folder; name = popup; path = ../../../extension/popup; sourceTree = "<group>"; };
		946517BD306BE452007A3F7A /* background.js */ = {isa = PBXFileReference; lastKnownFileType = sourcecode.javascript; name = background.js; path = ../../../extension/background.js; sourceTree = "<group>"; };
		946517BE306BE452007A3F7A /* images */ = {isa = PBXFileReference; lastKnownFileType = folder; name = images; path = ../../../extension/images; sourceTree = "<group>"; };
		946517BF306BE452007A3F7A /* archive-url.js */ = {isa = PBXFileReference; lastKnownFileType = sourcecode.javascript; name = "archive-url.js"; path = "../../../extension/archive-url.js"; sourceTree = "<group>"; };
		946517C0306BE452007A3F7A /* manifest.json */ = {isa = PBXFileReference; lastKnownFileType = text.json; name = manifest.json; path = ../../../extension/manifest.json; sourceTree = "<group>"; };
		946517C1306BE452007A3F7A /* snapshot-probe.js */ = {isa = PBXFileReference; lastKnownFileType = sourcecode.javascript; name = "snapshot-probe.js"; path = "../../../extension/snapshot-probe.js"; sourceTree = "<group>"; };
/* End PBXFileReference section */

/* Begin PBXFrameworksBuildPhase section */
		9465176B306BE452007A3F7A /* Frameworks */ = {
			isa = PBXFrameworksBuildPhase;
			files = (
			);
		};
		9465177D306BE452007A3F7A /* Frameworks */ = {
			isa = PBXFrameworksBuildPhase;
			files = (
			);
		};
		94651789306BE452007A3F7A /* Frameworks */ = {
			isa = PBXFrameworksBuildPhase;
			files = (
			);
		};
		94651793306BE452007A3F7A /* Frameworks */ = {
			isa = PBXFrameworksBuildPhase;
			files = (
			);
		};
/* End PBXFrameworksBuildPhase section */

/* Begin PBXGroup section */
		9465175A306BE450007A3F7A = {
			isa = PBXGroup;
			children = (
				9465175F306BE450007A3F7A /* Shared (App) */,
				94651768306BE452007A3F7A /* Shared (Extension) */,
				94651770306BE452007A3F7A /* iOS (App) */,
				94651781306BE452007A3F7A /* macOS (App) */,
				94651790306BE452007A3F7A /* iOS (Extension) */,
				9465179A306BE452007A3F7A /* macOS (Extension) */,
				9465176F306BE452007A3F7A /* Products */,
			);
			sourceTree = "<group>";
		};
		9465175F306BE450007A3F7A /* Shared (App) */ = {
			isa = PBXGroup;
			children = (
				94651766306BE450007A3F7A /* ViewController.swift */,
				94651767306BE452007A3F7A /* Assets.xcassets */,
				94651760306BE450007A3F7A /* Resources */,
			);
			path = "Shared (App)";
			sourceTree = "<group>";
		};
		94651760306BE450007A3F7A /* Resources */ = {
			isa = PBXGroup;
			children = (
				94651761306BE450007A3F7A /* Main.html */,
				94651763306BE450007A3F7A /* Icon.png */,
				94651764306BE450007A3F7A /* Style.css */,
				94651765306BE450007A3F7A /* Script.js */,
			);
			path = Resources;
			sourceTree = "<group>";
		};
		94651768306BE452007A3F7A /* Shared (Extension) */ = {
			isa = PBXGroup;
			children = (
				946517BA306BE452007A3F7A /* Resources */,
				94651769306BE452007A3F7A /* SafariWebExtensionHandler.swift */,
			);
			path = "Shared (Extension)";
			sourceTree = "<group>";
		};
		9465176F306BE452007A3F7A /* Products */ = {
			isa = PBXGroup;
			children = (
				9465176E306BE452007A3F7A /* Archive.ph Opener.app */,
				94651780306BE452007A3F7A /* Archive.ph Opener.app */,
				9465178C306BE452007A3F7A /* Archive.ph Opener Extension.appex */,
				94651796306BE452007A3F7A /* Archive.ph Opener Extension.appex */,
			);
			name = Products;
			sourceTree = "<group>";
		};
		94651770306BE452007A3F7A /* iOS (App) */ = {
			isa = PBXGroup;
			children = (
				94651771306BE452007A3F7A /* AppDelegate.swift */,
				94651773306BE452007A3F7A /* SceneDelegate.swift */,
				94651775306BE452007A3F7A /* LaunchScreen.storyboard */,
				94651778306BE452007A3F7A /* Main.storyboard */,
				9465177B306BE452007A3F7A /* Info.plist */,
			);
			path = "iOS (App)";
			sourceTree = "<group>";
		};
		94651781306BE452007A3F7A /* macOS (App) */ = {
			isa = PBXGroup;
			children = (
				94651782306BE452007A3F7A /* AppDelegate.swift */,
				94651784306BE452007A3F7A /* Main.storyboard */,
				94651787306BE452007A3F7A /* Info.plist */,
			);
			path = "macOS (App)";
			sourceTree = "<group>";
		};
		94651790306BE452007A3F7A /* iOS (Extension) */ = {
			isa = PBXGroup;
			children = (
				94651791306BE452007A3F7A /* Info.plist */,
			);
			path = "iOS (Extension)";
			sourceTree = "<group>";
		};
		9465179A306BE452007A3F7A /* macOS (Extension) */ = {
			isa = PBXGroup;
			children = (
				9465179B306BE452007A3F7A /* Info.plist */,
			);
			path = "macOS (Extension)";
			sourceTree = "<group>";
		};
		946517BA306BE452007A3F7A /* Resources */ = {
			isa = PBXGroup;
			children = (
				946517BB306BE452007A3F7A /* settings */,
				946517BC306BE452007A3F7A /* popup */,
				946517BD306BE452007A3F7A /* background.js */,
				946517BE306BE452007A3F7A /* images */,
				946517BF306BE452007A3F7A /* archive-url.js */,
				946517C0306BE452007A3F7A /* manifest.json */,
				946517C1306BE452007A3F7A /* snapshot-probe.js */,
			);
			name = Resources;
			path = "Shared (Extension)";
			sourceTree = SOURCE_ROOT;
		};
/* End PBXGroup section */

/* Begin PBXNativeTarget section */
		9465176D306BE452007A3F7A /* Archive.ph Opener (iOS) */ = {
			isa = PBXNativeTarget;
			buildConfigurationList = 946517B0306BE452007A3F7A /* Build configuration list for PBXNativeTarget "Archive.ph Opener (iOS)" */;
			buildPhases = (
				9465176A306BE452007A3F7A /* Sources */,
				9465176B306BE452007A3F7A /* Frameworks */,
				9465176C306BE452007A3F7A /* Resources */,
				946517AF306BE452007A3F7A /* Embed Foundation Extensions */,
			);
			buildRules = (
			);
			dependencies = (
				9465178F306BE452007A3F7A /* PBXTargetDependency */,
			);
			name = "Archive.ph Opener (iOS)";
			productName = "Archive.ph Opener (iOS)";
			productReference = 9465176E306BE452007A3F7A /* Archive.ph Opener.app */;
			productType = "com.apple.product-type.application";
		};
		9465177F306BE452007A3F7A /* Archive.ph Opener (macOS) */ = {
			isa = PBXNativeTarget;
			buildConfigurationList = 946517B7306BE452007A3F7A /* Build configuration list for PBXNativeTarget "Archive.ph Opener (macOS)" */;
			buildPhases = (
				9465177C306BE452007A3F7A /* Sources */,
				9465177D306BE452007A3F7A /* Frameworks */,
				9465177E306BE452007A3F7A /* Resources */,
				946517B6306BE452007A3F7A /* Embed Foundation Extensions */,
			);
			buildRules = (
			);
			dependencies = (
				94651799306BE452007A3F7A /* PBXTargetDependency */,
			);
			name = "Archive.ph Opener (macOS)";
			productName = "Archive.ph Opener (macOS)";
			productReference = 94651780306BE452007A3F7A /* Archive.ph Opener.app */;
			productType = "com.apple.product-type.application";
		};
		9465178B306BE452007A3F7A /* Archive.ph Opener Extension (iOS) */ = {
			isa = PBXNativeTarget;
			buildConfigurationList = 946517AC306BE452007A3F7A /* Build configuration list for PBXNativeTarget "Archive.ph Opener Extension (iOS)" */;
			buildPhases = (
				94651788306BE452007A3F7A /* Sources */,
				94651789306BE452007A3F7A /* Frameworks */,
				9465178A306BE452007A3F7A /* Resources */,
			);
			buildRules = (
			);
			name = "Archive.ph Opener Extension (iOS)";
			productName = "Archive.ph Opener Extension (iOS)";
			productReference = 9465178C306BE452007A3F7A /* Archive.ph Opener Extension.appex */;
			productType = "com.apple.product-type.app-extension";
		};
		94651795306BE452007A3F7A /* Archive.ph Opener Extension (macOS) */ = {
			isa = PBXNativeTarget;
			buildConfigurationList = 946517B3306BE452007A3F7A /* Build configuration list for PBXNativeTarget "Archive.ph Opener Extension (macOS)" */;
			buildPhases = (
				94651792306BE452007A3F7A /* Sources */,
				94651793306BE452007A3F7A /* Frameworks */,
				94651794306BE452007A3F7A /* Resources */,
			);
			buildRules = (
			);
			name = "Archive.ph Opener Extension (macOS)";
			productName = "Archive.ph Opener Extension (macOS)";
			productReference = 94651796306BE452007A3F7A /* Archive.ph Opener Extension.appex */;
			productType = "com.apple.product-type.app-extension";
		};
/* End PBXNativeTarget section */

/* Begin PBXProject section */
		9465175B306BE450007A3F7A /* Project object */ = {
			isa = PBXProject;
			attributes = {
				BuildIndependentTargetsInParallel = 1;
				LastSwiftUpdateCheck = 2700;
				LastUpgradeCheck = 2700;
				TargetAttributes = {
					9465176D306BE452007A3F7A = {
						CreatedOnToolsVersion = 27.0;
					};
					9465177F306BE452007A3F7A = {
						CreatedOnToolsVersion = 27.0;
					};
					9465178B306BE452007A3F7A = {
						CreatedOnToolsVersion = 27.0;
					};
					94651795306BE452007A3F7A = {
						CreatedOnToolsVersion = 27.0;
					};
				};
			};
			buildConfigurationList = 9465175E306BE450007A3F7A /* Build configuration list for PBXProject "Archive.ph Opener" */;
			developmentRegion = en;
			hasScannedForEncodings = 0;
			knownRegions = (
				en,
				Base,
			);
			mainGroup = 9465175A306BE450007A3F7A;
			minimizedProjectReferenceProxies = 1;
			preferredProjectObjectVersion = 77;
			productRefGroup = 9465176F306BE452007A3F7A /* Products */;
			projectDirPath = "";
			projectRoot = "";
			targets = (
				9465176D306BE452007A3F7A /* Archive.ph Opener (iOS) */,
				9465177F306BE452007A3F7A /* Archive.ph Opener (macOS) */,
				9465178B306BE452007A3F7A /* Archive.ph Opener Extension (iOS) */,
				94651795306BE452007A3F7A /* Archive.ph Opener Extension (macOS) */,
			);
		};
/* End PBXProject section */

/* Begin PBXResourcesBuildPhase section */
		9465176C306BE452007A3F7A /* Resources */ = {
			isa = PBXResourcesBuildPhase;
			files = (
				9465179E306BE452007A3F7A /* Icon.png in Resources */,
				94651777306BE452007A3F7A /* LaunchScreen.storyboard in Resources */,
				9465179C306BE452007A3F7A /* Main.html in Resources */,
				946517A2306BE452007A3F7A /* Script.js in Resources */,
				946517A6306BE452007A3F7A /* Assets.xcassets in Resources */,
				9465177A306BE452007A3F7A /* Main.storyboard in Resources */,
				946517A0306BE452007A3F7A /* Style.css in Resources */,
			);
		};
		9465177E306BE452007A3F7A /* Resources */ = {
			isa = PBXResourcesBuildPhase;
			files = (
				9465179F306BE452007A3F7A /* Icon.png in Resources */,
				946517A1306BE452007A3F7A /* Style.css in Resources */,
				94651786306BE452007A3F7A /* Main.storyboard in Resources */,
				946517A3306BE452007A3F7A /* Script.js in Resources */,
				946517A7306BE452007A3F7A /* Assets.xcassets in Resources */,
				9465179D306BE452007A3F7A /* Main.html in Resources */,
			);
		};
		9465178A306BE452007A3F7A /* Resources */ = {
			isa = PBXResourcesBuildPhase;
			files = (
				946517CD306BE452007A3F7A /* archive-url.js in Resources */,
				946517CC306BE452007A3F7A /* images in Resources */,
				946517C9306BE452007A3F7A /* settings in Resources */,
				946517CF306BE452007A3F7A /* snapshot-probe.js in Resources */,
				946517CB306BE452007A3F7A /* background.js in Resources */,
				946517CE306BE452007A3F7A /* manifest.json in Resources */,
				946517CA306BE452007A3F7A /* popup in Resources */,
			);
		};
		94651794306BE452007A3F7A /* Resources */ = {
			isa = PBXResourcesBuildPhase;
			files = (
				946517C6306BE452007A3F7A /* archive-url.js in Resources */,
				946517C5306BE452007A3F7A /* images in Resources */,
				946517C2306BE452007A3F7A /* settings in Resources */,
				946517C8306BE452007A3F7A /* snapshot-probe.js in Resources */,
				946517C4306BE452007A3F7A /* background.js in Resources */,
				946517C7306BE452007A3F7A /* manifest.json in Resources */,
				946517C3306BE452007A3F7A /* popup in Resources */,
			);
		};
/* End PBXResourcesBuildPhase section */

/* Begin PBXSourcesBuildPhase section */
		9465176A306BE452007A3F7A /* Sources */ = {
			isa = PBXSourcesBuildPhase;
			files = (
				946517A4306BE452007A3F7A /* ViewController.swift in Sources */,
				94651772306BE452007A3F7A /* AppDelegate.swift in Sources */,
				94651774306BE452007A3F7A /* SceneDelegate.swift in Sources */,
			);
		};
		9465177C306BE452007A3F7A /* Sources */ = {
			isa = PBXSourcesBuildPhase;
			files = (
				946517A5306BE452007A3F7A /* ViewController.swift in Sources */,
				94651783306BE452007A3F7A /* AppDelegate.swift in Sources */,
			);
		};
		94651788306BE452007A3F7A /* Sources */ = {
			isa = PBXSourcesBuildPhase;
			files = (
				946517A8306BE452007A3F7A /* SafariWebExtensionHandler.swift in Sources */,
			);
		};
		94651792306BE452007A3F7A /* Sources */ = {
			isa = PBXSourcesBuildPhase;
			files = (
				946517A9306BE452007A3F7A /* SafariWebExtensionHandler.swift in Sources */,
			);
		};
/* End PBXSourcesBuildPhase section */

/* Begin PBXTargetDependency section */
		9465178F306BE452007A3F7A /* PBXTargetDependency */ = {
			isa = PBXTargetDependency;
			target = 9465178B306BE452007A3F7A /* Archive.ph Opener Extension (iOS) */;
			targetProxy = 9465178E306BE452007A3F7A /* PBXContainerItemProxy */;
		};
		94651799306BE452007A3F7A /* PBXTargetDependency */ = {
			isa = PBXTargetDependency;
			target = 94651795306BE452007A3F7A /* Archive.ph Opener Extension (macOS) */;
			targetProxy = 94651798306BE452007A3F7A /* PBXContainerItemProxy */;
		};
/* End PBXTargetDependency section */

/* Begin PBXVariantGroup section */
		94651761306BE450007A3F7A /* Main.html */ = {
			isa = PBXVariantGroup;
			children = (
				94651762306BE450007A3F7A /* Base */,
			);
			name = Main.html;
			sourceTree = "<group>";
		};
		94651775306BE452007A3F7A /* LaunchScreen.storyboard */ = {
			isa = PBXVariantGroup;
			children = (
				94651776306BE452007A3F7A /* Base */,
			);
			name = LaunchScreen.storyboard;
			sourceTree = "<group>";
		};
		94651778306BE452007A3F7A /* Main.storyboard */ = {
			isa = PBXVariantGroup;
			children = (
				94651779306BE452007A3F7A /* Base */,
			);
			name = Main.storyboard;
			sourceTree = "<group>";
		};
		94651784306BE452007A3F7A /* Main.storyboard */ = {
			isa = PBXVariantGroup;
			children = (
				94651785306BE452007A3F7A /* Base */,
			);
			name = Main.storyboard;
			sourceTree = "<group>";
		};
/* End PBXVariantGroup section */

/* Begin XCBuildConfiguration section */
		946517AA306BE452007A3F7A /* Debug configuration for PBXProject "Archive.ph Opener" */ = {
			isa = XCBuildConfiguration;
			buildSettings = {
				ALWAYS_SEARCH_USER_PATHS = NO;
				ASSETCATALOG_COMPILER_GENERATE_SWIFT_ASSET_SYMBOL_EXTENSIONS = YES;
				CLANG_ANALYZER_NONNULL = YES;
				CLANG_ANALYZER_NUMBER_OBJECT_CONVERSION = YES_AGGRESSIVE;
				CLANG_CXX_LANGUAGE_STANDARD = "gnu++20";
				CLANG_ENABLE_MODULES = YES;
				CLANG_ENABLE_OBJC_ARC = YES;
				CLANG_ENABLE_OBJC_WEAK = YES;
				CLANG_WARN_BLOCK_CAPTURE_AUTORELEASING = YES;
				CLANG_WARN_BOOL_CONVERSION = YES;
				CLANG_WARN_COMMA = YES;
				CLANG_WARN_CONSTANT_CONVERSION = YES;
				CLANG_WARN_DEPRECATED_OBJC_IMPLEMENTATIONS = YES;
				CLANG_WARN_DIRECT_OBJC_ISA_USAGE = YES_ERROR;
				CLANG_WARN_DOCUMENTATION_COMMENTS = YES;
				CLANG_WARN_EMPTY_BODY = YES;
				CLANG_WARN_ENUM_CONVERSION = YES;
				CLANG_WARN_INFINITE_RECURSION = YES;
				CLANG_WARN_INT_CONVERSION = YES;
				CLANG_WARN_NON_LITERAL_NULL_CONVERSION = YES;
				CLANG_WARN_OBJC_IMPLICIT_RETAIN_SELF = YES;
				CLANG_WARN_OBJC_LITERAL_CONVERSION = YES;
				CLANG_WARN_OBJC_ROOT_CLASS = YES_ERROR;
				CLANG_WARN_QUOTED_INCLUDE_IN_FRAMEWORK_HEADER = YES;
				CLANG_WARN_RANGE_LOOP_ANALYSIS = YES;
				CLANG_WARN_STRICT_PROTOTYPES = YES;
				CLANG_WARN_SUSPICIOUS_MOVE = YES;
				CLANG_WARN_UNGUARDED_AVAILABILITY = YES_AGGRESSIVE;
				CLANG_WARN_UNREACHABLE_CODE = YES;
				CLANG_WARN__DUPLICATE_METHOD_MATCH = YES;
				COPY_PHASE_STRIP = NO;
				DEBUG_INFORMATION_FORMAT = dwarf;
				ENABLE_STRICT_OBJC_MSGSEND = YES;
				ENABLE_TESTABILITY = YES;
				ENABLE_USER_SCRIPT_SANDBOXING = YES;
				GCC_C_LANGUAGE_STANDARD = gnu17;
				GCC_DYNAMIC_NO_PIC = NO;
				GCC_NO_COMMON_BLOCKS = YES;
				GCC_OPTIMIZATION_LEVEL = 0;
				GCC_PREPROCESSOR_DEFINITIONS = (
					"DEBUG=1",
					"$(inherited)",
				);
				GCC_WARN_64_TO_32_BIT_CONVERSION = YES;
				GCC_WARN_ABOUT_RETURN_TYPE = YES_ERROR;
				GCC_WARN_UNDECLARED_SELECTOR = YES;
				GCC_WARN_UNINITIALIZED_AUTOS = YES_AGGRESSIVE;
				GCC_WARN_UNUSED_FUNCTION = YES;
				GCC_WARN_UNUSED_VARIABLE = YES;
				LOCALIZATION_PREFERS_STRING_CATALOGS = YES;
				MTL_ENABLE_DEBUG_INFO = INCLUDE_SOURCE;
				MTL_FAST_MATH = YES;
				ONLY_ACTIVE_ARCH = YES;
				SWIFT_ACTIVE_COMPILATION_CONDITIONS = "DEBUG $(inherited)";
				SWIFT_OPTIMIZATION_LEVEL = "-Onone";
			};
			name = Debug;
		};
		946517AB306BE452007A3F7A /* Release configuration for PBXProject "Archive.ph Opener" */ = {
			isa = XCBuildConfiguration;
			buildSettings = {
				ALWAYS_SEARCH_USER_PATHS = NO;
				ASSETCATALOG_COMPILER_GENERATE_SWIFT_ASSET_SYMBOL_EXTENSIONS = YES;
				CLANG_ANALYZER_NONNULL = YES;
				CLANG_ANALYZER_NUMBER_OBJECT_CONVERSION = YES_AGGRESSIVE;
				CLANG_CXX_LANGUAGE_STANDARD = "gnu++20";
				CLANG_ENABLE_MODULES = YES;
				CLANG_ENABLE_OBJC_ARC = YES;
				CLANG_ENABLE_OBJC_WEAK = YES;
				CLANG_WARN_BLOCK_CAPTURE_AUTORELEASING = YES;
				CLANG_WARN_BOOL_CONVERSION = YES;
				CLANG_WARN_COMMA = YES;
				CLANG_WARN_CONSTANT_CONVERSION = YES;
				CLANG_WARN_DEPRECATED_OBJC_IMPLEMENTATIONS = YES;
				CLANG_WARN_DIRECT_OBJC_ISA_USAGE = YES_ERROR;
				CLANG_WARN_DOCUMENTATION_COMMENTS = YES;
				CLANG_WARN_EMPTY_BODY = YES;
				CLANG_WARN_ENUM_CONVERSION = YES;
				CLANG_WARN_INFINITE_RECURSION = YES;
				CLANG_WARN_INT_CONVERSION = YES;
				CLANG_WARN_NON_LITERAL_NULL_CONVERSION = YES;
				CLANG_WARN_OBJC_IMPLICIT_RETAIN_SELF = YES;
				CLANG_WARN_OBJC_LITERAL_CONVERSION = YES;
				CLANG_WARN_OBJC_ROOT_CLASS = YES_ERROR;
				CLANG_WARN_QUOTED_INCLUDE_IN_FRAMEWORK_HEADER = YES;
				CLANG_WARN_RANGE_LOOP_ANALYSIS = YES;
				CLANG_WARN_STRICT_PROTOTYPES = YES;
				CLANG_WARN_SUSPICIOUS_MOVE = YES;
				CLANG_WARN_UNGUARDED_AVAILABILITY = YES_AGGRESSIVE;
				CLANG_WARN_UNREACHABLE_CODE = YES;
				CLANG_WARN__DUPLICATE_METHOD_MATCH = YES;
				COPY_PHASE_STRIP = NO;
				DEBUG_INFORMATION_FORMAT = "dwarf-with-dsym";
				ENABLE_NS_ASSERTIONS = NO;
				ENABLE_STRICT_OBJC_MSGSEND = YES;
				ENABLE_USER_SCRIPT_SANDBOXING = YES;
				GCC_C_LANGUAGE_STANDARD = gnu17;
				GCC_NO_COMMON_BLOCKS = YES;
				GCC_WARN_64_TO_32_BIT_CONVERSION = YES;
				GCC_WARN_ABOUT_RETURN_TYPE = YES_ERROR;
				GCC_WARN_UNDECLARED_SELECTOR = YES;
				GCC_WARN_UNINITIALIZED_AUTOS = YES_AGGRESSIVE;
				GCC_WARN_UNUSED_FUNCTION = YES;
				GCC_WARN_UNUSED_VARIABLE = YES;
				LOCALIZATION_PREFERS_STRING_CATALOGS = YES;
				MTL_ENABLE_DEBUG_INFO = NO;
				MTL_FAST_MATH = YES;
				SWIFT_COMPILATION_MODE = wholemodule;
			};
			name = Release;
		};
		946517AD306BE452007A3F7A /* Debug configuration for PBXNativeTarget "Archive.ph Opener Extension (iOS)" */ = {
			isa = XCBuildConfiguration;
			buildSettings = {
				CODE_SIGN_STYLE = Automatic;
				CURRENT_PROJECT_VERSION = 1;
				GENERATE_INFOPLIST_FILE = YES;
				INFOPLIST_FILE = "iOS (Extension)/Info.plist";
				INFOPLIST_KEY_CFBundleDisplayName = "Archive.ph Opener Extension";
				INFOPLIST_KEY_NSHumanReadableCopyright = "";
				IPHONEOS_DEPLOYMENT_TARGET = 15.0;
				LD_RUNPATH_SEARCH_PATHS = (
					"$(inherited)",
					"@executable_path/Frameworks",
					"@executable_path/../../Frameworks",
				);
				MARKETING_VERSION = 1.0;
				OTHER_LDFLAGS = (
					"-framework",
					SafariServices,
				);
				PRODUCT_BUNDLE_IDENTIFIER = ie.boboco.ArchivePhOpener.Extension;
				PRODUCT_NAME = "Archive.ph Opener Extension";
				SDKROOT = iphoneos;
				SKIP_INSTALL = YES;
				STRING_CATALOG_GENERATE_SYMBOLS = YES;
				SWIFT_APPROACHABLE_CONCURRENCY = YES;
				SWIFT_EMIT_LOC_STRINGS = YES;
				SWIFT_UPCOMING_FEATURE_MEMBER_IMPORT_VISIBILITY = YES;
				SWIFT_VERSION = 5.0;
				TARGETED_DEVICE_FAMILY = "1,2";
			};
			name = Debug;
		};
		946517AE306BE452007A3F7A /* Release configuration for PBXNativeTarget "Archive.ph Opener Extension (iOS)" */ = {
			isa = XCBuildConfiguration;
			buildSettings = {
				CODE_SIGN_STYLE = Automatic;
				CURRENT_PROJECT_VERSION = 1;
				GENERATE_INFOPLIST_FILE = YES;
				INFOPLIST_FILE = "iOS (Extension)/Info.plist";
				INFOPLIST_KEY_CFBundleDisplayName = "Archive.ph Opener Extension";
				INFOPLIST_KEY_NSHumanReadableCopyright = "";
				IPHONEOS_DEPLOYMENT_TARGET = 15.0;
				LD_RUNPATH_SEARCH_PATHS = (
					"$(inherited)",
					"@executable_path/Frameworks",
					"@executable_path/../../Frameworks",
				);
				MARKETING_VERSION = 1.0;
				OTHER_LDFLAGS = (
					"-framework",
					SafariServices,
				);
				PRODUCT_BUNDLE_IDENTIFIER = ie.boboco.ArchivePhOpener.Extension;
				PRODUCT_NAME = "Archive.ph Opener Extension";
				SDKROOT = iphoneos;
				SKIP_INSTALL = YES;
				STRING_CATALOG_GENERATE_SYMBOLS = YES;
				SWIFT_APPROACHABLE_CONCURRENCY = YES;
				SWIFT_EMIT_LOC_STRINGS = YES;
				SWIFT_UPCOMING_FEATURE_MEMBER_IMPORT_VISIBILITY = YES;
				SWIFT_VERSION = 5.0;
				TARGETED_DEVICE_FAMILY = "1,2";
				VALIDATE_PRODUCT = YES;
			};
			name = Release;
		};
		946517B1306BE452007A3F7A /* Debug configuration for PBXNativeTarget "Archive.ph Opener (iOS)" */ = {
			isa = XCBuildConfiguration;
			buildSettings = {
				ASSETCATALOG_COMPILER_APPICON_NAME = AppIcon;
				ASSETCATALOG_COMPILER_GLOBAL_ACCENT_COLOR_NAME = AccentColor;
				CODE_SIGN_STYLE = Automatic;
				CURRENT_PROJECT_VERSION = 1;
				GENERATE_INFOPLIST_FILE = YES;
				INFOPLIST_FILE = "iOS (App)/Info.plist";
				INFOPLIST_KEY_CFBundleDisplayName = "Archive.ph Opener";
				INFOPLIST_KEY_UIApplicationSupportsIndirectInputEvents = YES;
				INFOPLIST_KEY_UILaunchStoryboardName = LaunchScreen;
				INFOPLIST_KEY_UIMainStoryboardFile = Main;
				INFOPLIST_KEY_UISupportedInterfaceOrientations = "UIInterfaceOrientationPortrait UIInterfaceOrientationLandscapeLeft UIInterfaceOrientationLandscapeRight";
				INFOPLIST_KEY_UISupportedInterfaceOrientations_iPad = "UIInterfaceOrientationPortrait UIInterfaceOrientationPortraitUpsideDown UIInterfaceOrientationLandscapeLeft UIInterfaceOrientationLandscapeRight";
				IPHONEOS_DEPLOYMENT_TARGET = 17.0;
				LD_RUNPATH_SEARCH_PATHS = (
					"$(inherited)",
					"@executable_path/Frameworks",
				);
				MARKETING_VERSION = 1.0;
				OTHER_LDFLAGS = (
					"-framework",
					SafariServices,
					"-framework",
					WebKit,
				);
				PRODUCT_BUNDLE_IDENTIFIER = ie.boboco.ArchivePhOpener;
				PRODUCT_NAME = "Archive.ph Opener";
				SDKROOT = iphoneos;
				STRING_CATALOG_GENERATE_SYMBOLS = YES;
				SWIFT_APPROACHABLE_CONCURRENCY = YES;
				SWIFT_DEFAULT_ACTOR_ISOLATION = MainActor;
				SWIFT_EMIT_LOC_STRINGS = YES;
				SWIFT_UPCOMING_FEATURE_MEMBER_IMPORT_VISIBILITY = YES;
				SWIFT_VERSION = 5.0;
				TARGETED_DEVICE_FAMILY = "1,2";
			};
			name = Debug;
		};
		946517B2306BE452007A3F7A /* Release configuration for PBXNativeTarget "Archive.ph Opener (iOS)" */ = {
			isa = XCBuildConfiguration;
			buildSettings = {
				ASSETCATALOG_COMPILER_APPICON_NAME = AppIcon;
				ASSETCATALOG_COMPILER_GLOBAL_ACCENT_COLOR_NAME = AccentColor;
				CODE_SIGN_STYLE = Automatic;
				CURRENT_PROJECT_VERSION = 1;
				GENERATE_INFOPLIST_FILE = YES;
				INFOPLIST_FILE = "iOS (App)/Info.plist";
				INFOPLIST_KEY_CFBundleDisplayName = "Archive.ph Opener";
				INFOPLIST_KEY_UIApplicationSupportsIndirectInputEvents = YES;
				INFOPLIST_KEY_UILaunchStoryboardName = LaunchScreen;
				INFOPLIST_KEY_UIMainStoryboardFile = Main;
				INFOPLIST_KEY_UISupportedInterfaceOrientations = "UIInterfaceOrientationPortrait UIInterfaceOrientationLandscapeLeft UIInterfaceOrientationLandscapeRight";
				INFOPLIST_KEY_UISupportedInterfaceOrientations_iPad = "UIInterfaceOrientationPortrait UIInterfaceOrientationPortraitUpsideDown UIInterfaceOrientationLandscapeLeft UIInterfaceOrientationLandscapeRight";
				IPHONEOS_DEPLOYMENT_TARGET = 17.0;
				LD_RUNPATH_SEARCH_PATHS = (
					"$(inherited)",
					"@executable_path/Frameworks",
				);
				MARKETING_VERSION = 1.0;
				OTHER_LDFLAGS = (
					"-framework",
					SafariServices,
					"-framework",
					WebKit,
				);
				PRODUCT_BUNDLE_IDENTIFIER = ie.boboco.ArchivePhOpener;
				PRODUCT_NAME = "Archive.ph Opener";
				SDKROOT = iphoneos;
				STRING_CATALOG_GENERATE_SYMBOLS = YES;
				SWIFT_APPROACHABLE_CONCURRENCY = YES;
				SWIFT_DEFAULT_ACTOR_ISOLATION = MainActor;
				SWIFT_EMIT_LOC_STRINGS = YES;
				SWIFT_UPCOMING_FEATURE_MEMBER_IMPORT_VISIBILITY = YES;
				SWIFT_VERSION = 5.0;
				TARGETED_DEVICE_FAMILY = "1,2";
				VALIDATE_PRODUCT = YES;
			};
			name = Release;
		};
		946517B4306BE452007A3F7A /* Debug configuration for PBXNativeTarget "Archive.ph Opener Extension (macOS)" */ = {
			isa = XCBuildConfiguration;
			buildSettings = {
				CODE_SIGN_STYLE = Automatic;
				CURRENT_PROJECT_VERSION = 1;
				ENABLE_APP_SANDBOX = YES;
				ENABLE_HARDENED_RUNTIME = YES;
				ENABLE_USER_SELECTED_FILES = readonly;
				GENERATE_INFOPLIST_FILE = YES;
				INFOPLIST_FILE = "macOS (Extension)/Info.plist";
				INFOPLIST_KEY_CFBundleDisplayName = "Archive.ph Opener Extension";
				INFOPLIST_KEY_NSHumanReadableCopyright = "";
				LD_RUNPATH_SEARCH_PATHS = (
					"$(inherited)",
					"@executable_path/../Frameworks",
					"@executable_path/../../../../Frameworks",
				);
				MACOSX_DEPLOYMENT_TARGET = 12.0;
				MARKETING_VERSION = 1.0;
				OTHER_LDFLAGS = (
					"-framework",
					SafariServices,
				);
				PRODUCT_BUNDLE_IDENTIFIER = ie.boboco.ArchivePhOpener.Extension;
				PRODUCT_NAME = "Archive.ph Opener Extension";
				SDKROOT = macosx;
				SKIP_INSTALL = YES;
				STRING_CATALOG_GENERATE_SYMBOLS = YES;
				SWIFT_APPROACHABLE_CONCURRENCY = YES;
				SWIFT_EMIT_LOC_STRINGS = YES;
				SWIFT_UPCOMING_FEATURE_MEMBER_IMPORT_VISIBILITY = YES;
				SWIFT_VERSION = 5.0;
			};
			name = Debug;
		};
		946517B5306BE452007A3F7A /* Release configuration for PBXNativeTarget "Archive.ph Opener Extension (macOS)" */ = {
			isa = XCBuildConfiguration;
			buildSettings = {
				CODE_SIGN_STYLE = Automatic;
				CURRENT_PROJECT_VERSION = 1;
				ENABLE_APP_SANDBOX = YES;
				ENABLE_HARDENED_RUNTIME = YES;
				ENABLE_USER_SELECTED_FILES = readonly;
				GENERATE_INFOPLIST_FILE = YES;
				INFOPLIST_FILE = "macOS (Extension)/Info.plist";
				INFOPLIST_KEY_CFBundleDisplayName = "Archive.ph Opener Extension";
				INFOPLIST_KEY_NSHumanReadableCopyright = "";
				LD_RUNPATH_SEARCH_PATHS = (
					"$(inherited)",
					"@executable_path/../Frameworks",
					"@executable_path/../../../../Frameworks",
				);
				MACOSX_DEPLOYMENT_TARGET = 12.0;
				MARKETING_VERSION = 1.0;
				OTHER_LDFLAGS = (
					"-framework",
					SafariServices,
				);
				PRODUCT_BUNDLE_IDENTIFIER = ie.boboco.ArchivePhOpener.Extension;
				PRODUCT_NAME = "Archive.ph Opener Extension";
				SDKROOT = macosx;
				SKIP_INSTALL = YES;
				STRING_CATALOG_GENERATE_SYMBOLS = YES;
				SWIFT_APPROACHABLE_CONCURRENCY = YES;
				SWIFT_EMIT_LOC_STRINGS = YES;
				SWIFT_UPCOMING_FEATURE_MEMBER_IMPORT_VISIBILITY = YES;
				SWIFT_VERSION = 5.0;
			};
			name = Release;
		};
		946517B8306BE452007A3F7A /* Debug configuration for PBXNativeTarget "Archive.ph Opener (macOS)" */ = {
			isa = XCBuildConfiguration;
			buildSettings = {
				ASSETCATALOG_COMPILER_APPICON_NAME = AppIcon;
				ASSETCATALOG_COMPILER_GLOBAL_ACCENT_COLOR_NAME = AccentColor;
				CODE_SIGN_STYLE = Automatic;
				CURRENT_PROJECT_VERSION = 1;
				ENABLE_APP_SANDBOX = YES;
				ENABLE_HARDENED_RUNTIME = YES;
				ENABLE_OUTGOING_NETWORK_CONNECTIONS = YES;
				ENABLE_USER_SELECTED_FILES = readonly;
				GENERATE_INFOPLIST_FILE = YES;
				INFOPLIST_FILE = "macOS (App)/Info.plist";
				INFOPLIST_KEY_CFBundleDisplayName = "Archive.ph Opener";
				INFOPLIST_KEY_NSMainStoryboardFile = Main;
				INFOPLIST_KEY_NSPrincipalClass = NSApplication;
				LD_RUNPATH_SEARCH_PATHS = (
					"$(inherited)",
					"@executable_path/../Frameworks",
				);
				MACOSX_DEPLOYMENT_TARGET = 12.0;
				MARKETING_VERSION = 1.0;
				OTHER_LDFLAGS = (
					"-framework",
					SafariServices,
					"-framework",
					WebKit,
				);
				PRODUCT_BUNDLE_IDENTIFIER = ie.boboco.ArchivePhOpener;
				PRODUCT_NAME = "Archive.ph Opener";
				REGISTER_APP_GROUPS = YES;
				SDKROOT = macosx;
				STRING_CATALOG_GENERATE_SYMBOLS = YES;
				SWIFT_APPROACHABLE_CONCURRENCY = YES;
				SWIFT_DEFAULT_ACTOR_ISOLATION = MainActor;
				SWIFT_EMIT_LOC_STRINGS = YES;
				SWIFT_UPCOMING_FEATURE_MEMBER_IMPORT_VISIBILITY = YES;
				SWIFT_VERSION = 5.0;
			};
			name = Debug;
		};
		946517B9306BE452007A3F7A /* Release configuration for PBXNativeTarget "Archive.ph Opener (macOS)" */ = {
			isa = XCBuildConfiguration;
			buildSettings = {
				ASSETCATALOG_COMPILER_APPICON_NAME = AppIcon;
				ASSETCATALOG_COMPILER_GLOBAL_ACCENT_COLOR_NAME = AccentColor;
				CODE_SIGN_STYLE = Automatic;
				CURRENT_PROJECT_VERSION = 1;
				ENABLE_APP_SANDBOX = YES;
				ENABLE_HARDENED_RUNTIME = YES;
				ENABLE_OUTGOING_NETWORK_CONNECTIONS = YES;
				ENABLE_USER_SELECTED_FILES = readonly;
				GENERATE_INFOPLIST_FILE = YES;
				INFOPLIST_FILE = "macOS (App)/Info.plist";
				INFOPLIST_KEY_CFBundleDisplayName = "Archive.ph Opener";
				INFOPLIST_KEY_NSMainStoryboardFile = Main;
				INFOPLIST_KEY_NSPrincipalClass = NSApplication;
				LD_RUNPATH_SEARCH_PATHS = (
					"$(inherited)",
					"@executable_path/../Frameworks",
				);
				MACOSX_DEPLOYMENT_TARGET = 12.0;
				MARKETING_VERSION = 1.0;
				OTHER_LDFLAGS = (
					"-framework",
					SafariServices,
					"-framework",
					WebKit,
				);
				PRODUCT_BUNDLE_IDENTIFIER = ie.boboco.ArchivePhOpener;
				PRODUCT_NAME = "Archive.ph Opener";
				REGISTER_APP_GROUPS = YES;
				SDKROOT = macosx;
				STRING_CATALOG_GENERATE_SYMBOLS = YES;
				SWIFT_APPROACHABLE_CONCURRENCY = YES;
				SWIFT_DEFAULT_ACTOR_ISOLATION = MainActor;
				SWIFT_EMIT_LOC_STRINGS = YES;
				SWIFT_UPCOMING_FEATURE_MEMBER_IMPORT_VISIBILITY = YES;
				SWIFT_VERSION = 5.0;
			};
			name = Release;
		};
/* End XCBuildConfiguration section */

/* Begin XCConfigurationList section */
		9465175E306BE450007A3F7A /* Build configuration list for PBXProject "Archive.ph Opener" */ = {
			isa = XCConfigurationList;
			buildConfigurations = (
				946517AA306BE452007A3F7A /* Debug configuration for PBXProject "Archive.ph Opener" */,
				946517AB306BE452007A3F7A /* Release configuration for PBXProject "Archive.ph Opener" */,
			);
			defaultConfigurationName = Release;
		};
		946517AC306BE452007A3F7A /* Build configuration list for PBXNativeTarget "Archive.ph Opener Extension (iOS)" */ = {
			isa = XCConfigurationList;
			buildConfigurations = (
				946517AD306BE452007A3F7A /* Debug configuration for PBXNativeTarget "Archive.ph Opener Extension (iOS)" */,
				946517AE306BE452007A3F7A /* Release configuration for PBXNativeTarget "Archive.ph Opener Extension (iOS)" */,
			);
			defaultConfigurationName = Release;
		};
		946517B0306BE452007A3F7A /* Build configuration list for PBXNativeTarget "Archive.ph Opener (iOS)" */ = {
			isa = XCConfigurationList;
			buildConfigurations = (
				946517B1306BE452007A3F7A /* Debug configuration for PBXNativeTarget "Archive.ph Opener (iOS)" */,
				946517B2306BE452007A3F7A /* Release configuration for PBXNativeTarget "Archive.ph Opener (iOS)" */,
			);
			defaultConfigurationName = Release;
		};
		946517B3306BE452007A3F7A /* Build configuration list for PBXNativeTarget "Archive.ph Opener Extension (macOS)" */ = {
			isa = XCConfigurationList;
			buildConfigurations = (
				946517B4306BE452007A3F7A /* Debug configuration for PBXNativeTarget "Archive.ph Opener Extension (macOS)" */,
				946517B5306BE452007A3F7A /* Release configuration for PBXNativeTarget "Archive.ph Opener Extension (macOS)" */,
			);
			defaultConfigurationName = Release;
		};
		946517B7306BE452007A3F7A /* Build configuration list for PBXNativeTarget "Archive.ph Opener (macOS)" */ = {
			isa = XCConfigurationList;
			buildConfigurations = (
				946517B8306BE452007A3F7A /* Debug configuration for PBXNativeTarget "Archive.ph Opener (macOS)" */,
				946517B9306BE452007A3F7A /* Release configuration for PBXNativeTarget "Archive.ph Opener (macOS)" */,
			);
			defaultConfigurationName = Release;
		};
/* End XCConfigurationList section */
	};
	rootObject = 9465175B306BE450007A3F7A /* Project object */;
	validationLevel = 1;
}
