// !$*UTF8*$!
{
	archiveVersion = 1;
	classes = {
	};
	objectVersion = 110;
	objects = {

/* Begin PBXBuildFile section */
		94FA3DAC306ABC8600026399 /* AppDelegate.swift in Sources */ = {isa = PBXBuildFile; fileRef = 94FA3DAB306ABC8600026399 /* AppDelegate.swift */; };
		94FA3DAE306ABC8600026399 /* SceneDelegate.swift in Sources */ = {isa = PBXBuildFile; fileRef = 94FA3DAD306ABC8600026399 /* SceneDelegate.swift */; };
		94FA3DB1306ABC8600026399 /* LaunchScreen.storyboard in Resources */ = {isa = PBXBuildFile; fileRef = 94FA3DAF306ABC8600026399 /* LaunchScreen.storyboard */; };
		94FA3DB4306ABC8600026399 /* Main.storyboard in Resources */ = {isa = PBXBuildFile; fileRef = 94FA3DB2306ABC8600026399 /* Main.storyboard */; };
		94FA3DBD306ABC8600026399 /* AppDelegate.swift in Sources */ = {isa = PBXBuildFile; fileRef = 94FA3DBC306ABC8600026399 /* AppDelegate.swift */; };
		94FA3DC0306ABC8600026399 /* Main.storyboard in Resources */ = {isa = PBXBuildFile; fileRef = 94FA3DBE306ABC8600026399 /* Main.storyboard */; };
		94FA3DC7306ABC8600026399 /* Archive.ph Opener Extension.appex in Embed Foundation Extensions */ = {isa = PBXBuildFile; fileRef = 94FA3DC6306ABC8600026399 /* Archive.ph Opener Extension.appex */; settings = {ATTRIBUTES = (RemoveHeadersOnCopy, ); }; };
		94FA3DD1306ABC8600026399 /* Archive.ph Opener Extension.appex in Embed Foundation Extensions */ = {isa = PBXBuildFile; fileRef = 94FA3DD0306ABC8600026399 /* Archive.ph Opener Extension.appex */; settings = {ATTRIBUTES = (RemoveHeadersOnCopy, ); }; };
		94FA3DD6306ABC8600026399 /* Main.html in Resources */ = {isa = PBXBuildFile; fileRef = 94FA3D9B306ABC8400026399 /* Main.html */; };
		94FA3DD7306ABC8600026399 /* Main.html in Resources */ = {isa = PBXBuildFile; fileRef = 94FA3D9B306ABC8400026399 /* Main.html */; };
		94FA3DD8306ABC8600026399 /* Icon.png in Resources */ = {isa = PBXBuildFile; fileRef = 94FA3D9D306ABC8400026399 /* Icon.png */; };
		94FA3DD9306ABC8600026399 /* Icon.png in Resources */ = {isa = PBXBuildFile; fileRef = 94FA3D9D306ABC8400026399 /* Icon.png */; };
		94FA3DDA306ABC8600026399 /* Style.css in Resources */ = {isa = PBXBuildFile; fileRef = 94FA3D9E306ABC8400026399 /* Style.css */; };
		94FA3DDB306ABC8600026399 /* Style.css in Resources */ = {isa = PBXBuildFile; fileRef = 94FA3D9E306ABC8400026399 /* Style.css */; };
		94FA3DDC306ABC8600026399 /* Script.js in Resources */ = {isa = PBXBuildFile; fileRef = 94FA3D9F306ABC8400026399 /* Script.js */; };
		94FA3DDD306ABC8600026399 /* Script.js in Resources */ = {isa = PBXBuildFile; fileRef = 94FA3D9F306ABC8400026399 /* Script.js */; };
		94FA3DDE306ABC8600026399 /* ViewController.swift in Sources */ = {isa = PBXBuildFile; fileRef = 94FA3DA0306ABC8400026399 /* ViewController.swift */; };
		94FA3DDF306ABC8600026399 /* ViewController.swift in Sources */ = {isa = PBXBuildFile; fileRef = 94FA3DA0306ABC8400026399 /* ViewController.swift */; };
		94FA3DE0306ABC8600026399 /* Assets.xcassets in Resources */ = {isa = PBXBuildFile; fileRef = 94FA3DA1306ABC8600026399 /* Assets.xcassets */; };
		94FA3DE1306ABC8600026399 /* Assets.xcassets in Resources */ = {isa = PBXBuildFile; fileRef = 94FA3DA1306ABC8600026399 /* Assets.xcassets */; };
		94FA3DE2306ABC8600026399 /* SafariWebExtensionHandler.swift in Sources */ = {isa = PBXBuildFile; fileRef = 94FA3DA3306ABC8600026399 /* SafariWebExtensionHandler.swift */; };
		94FA3DE3306ABC8600026399 /* SafariWebExtensionHandler.swift in Sources */ = {isa = PBXBuildFile; fileRef = 94FA3DA3306ABC8600026399 /* SafariWebExtensionHandler.swift */; };
		94FA3DFB306ABC8600026399 /* settings in Resources */ = {isa = PBXBuildFile; fileRef = 94FA3DF5306ABC8600026399 /* settings */; };
		94FA3DFC306ABC8600026399 /* background.js in Resources */ = {isa = PBXBuildFile; fileRef = 94FA3DF6306ABC8600026399 /* background.js */; };
		94FA3DFD306ABC8600026399 /* images in Resources */ = {isa = PBXBuildFile; fileRef = 94FA3DF7306ABC8600026399 /* images */; };
		94FA3DFE306ABC8600026399 /* archive-url.js in Resources */ = {isa = PBXBuildFile; fileRef = 94FA3DF8306ABC8600026399 /* archive-url.js */; };
		94FA3DFF306ABC8600026399 /* manifest.json in Resources */ = {isa = PBXBuildFile; fileRef = 94FA3DF9306ABC8600026399 /* manifest.json */; };
		94FA3E00306ABC8600026399 /* snapshot-probe.js in Resources */ = {isa = PBXBuildFile; fileRef = 94FA3DFA306ABC8600026399 /* snapshot-probe.js */; };
		94FA3E01306ABC8600026399 /* settings in Resources */ = {isa = PBXBuildFile; fileRef = 94FA3DF5306ABC8600026399 /* settings */; };
		94FA3E02306ABC8600026399 /* background.js in Resources */ = {isa = PBXBuildFile; fileRef = 94FA3DF6306ABC8600026399 /* background.js */; };
		94FA3E03306ABC8600026399 /* images in Resources */ = {isa = PBXBuildFile; fileRef = 94FA3DF7306ABC8600026399 /* images */; };
		94FA3E04306ABC8600026399 /* archive-url.js in Resources */ = {isa = PBXBuildFile; fileRef = 94FA3DF8306ABC8600026399 /* archive-url.js */; };
		94FA3E05306ABC8600026399 /* manifest.json in Resources */ = {isa = PBXBuildFile; fileRef = 94FA3DF9306ABC8600026399 /* manifest.json */; };
		94FA3E06306ABC8600026399 /* snapshot-probe.js in Resources */ = {isa = PBXBuildFile; fileRef = 94FA3DFA306ABC8600026399 /* snapshot-probe.js */; };
/* End PBXBuildFile section */

/* Begin PBXContainerItemProxy section */
		94FA3DC8306ABC8600026399 /* PBXContainerItemProxy */ = {
			isa = PBXContainerItemProxy;
			containerPortal = 94FA3D95306ABC8400026399 /* Project object */;
			proxyType = 1;
			remoteGlobalIDString = 94FA3DC5306ABC8600026399;
			remoteInfo = "Archive.ph Opener Extension (iOS)";
		};
		94FA3DD2306ABC8600026399 /* PBXContainerItemProxy */ = {
			isa = PBXContainerItemProxy;
			containerPortal = 94FA3D95306ABC8400026399 /* Project object */;
			proxyType = 1;
			remoteGlobalIDString = 94FA3DCF306ABC8600026399;
			remoteInfo = "Archive.ph Opener Extension (macOS)";
		};
/* End PBXContainerItemProxy section */

/* Begin PBXCopyFilesBuildPhase section */
		94FA3DE9306ABC8600026399 /* Embed Foundation Extensions */ = {
			isa = PBXCopyFilesBuildPhase;
			dstPath = "";
			dstSubfolder = PlugIns;
			files = (
				94FA3DC7306ABC8600026399 /* Archive.ph Opener Extension.appex in Embed Foundation Extensions */,
			);
			name = "Embed Foundation Extensions";
		};
		94FA3DF0306ABC8600026399 /* Embed Foundation Extensions */ = {
			isa = PBXCopyFilesBuildPhase;
			dstPath = "";
			dstSubfolder = PlugIns;
			files = (
				94FA3DD1306ABC8600026399 /* Archive.ph Opener Extension.appex in Embed Foundation Extensions */,
			);
			name = "Embed Foundation Extensions";
		};
/* End PBXCopyFilesBuildPhase section */

/* Begin PBXFileReference section */
		94FA3D9C306ABC8400026399 /* Base */ = {isa = PBXFileReference; lastKnownFileType = text.html; name = Base; path = Base.lproj/Main.html; sourceTree = "<group>"; };
		94FA3D9D306ABC8400026399 /* Icon.png */ = {isa = PBXFileReference; lastKnownFileType = image.png; path = Icon.png; sourceTree = "<group>"; };
		94FA3D9E306ABC8400026399 /* Style.css */ = {isa = PBXFileReference; lastKnownFileType = text.css; path = Style.css; sourceTree = "<group>"; };
		94FA3D9F306ABC8400026399 /* Script.js */ = {isa = PBXFileReference; lastKnownFileType = sourcecode.javascript; path = Script.js; sourceTree = "<group>"; };
		94FA3DA0306ABC8400026399 /* ViewController.swift */ = {isa = PBXFileReference; lastKnownFileType = sourcecode.swift; path = ViewController.swift; sourceTree = "<group>"; };
		94FA3DA1306ABC8600026399 /* Assets.xcassets */ = {isa = PBXFileReference; lastKnownFileType = folder.assetcatalog; path = Assets.xcassets; sourceTree = "<group>"; };
		94FA3DA3306ABC8600026399 /* SafariWebExtensionHandler.swift */ = {isa = PBXFileReference; lastKnownFileType = sourcecode.swift; path = SafariWebExtensionHandler.swift; sourceTree = "<group>"; };
		94FA3DA8306ABC8600026399 /* Archive.ph Opener.app */ = {isa = PBXFileReference; explicitFileType = wrapper.application; includeInIndex = 0; path = "Archive.ph Opener.app"; sourceTree = BUILT_PRODUCTS_DIR; };
		94FA3DAB306ABC8600026399 /* AppDelegate.swift */ = {isa = PBXFileReference; lastKnownFileType = sourcecode.swift; path = AppDelegate.swift; sourceTree = "<group>"; };
		94FA3DAD306ABC8600026399 /* SceneDelegate.swift */ = {isa = PBXFileReference; lastKnownFileType = sourcecode.swift; path = SceneDelegate.swift; sourceTree = "<group>"; };
		94FA3DB0306ABC8600026399 /* Base */ = {isa = PBXFileReference; lastKnownFileType = file.storyboard; name = Base; path = Base.lproj/LaunchScreen.storyboard; sourceTree = "<group>"; };
		94FA3DB3306ABC8600026399 /* Base */ = {isa = PBXFileReference; lastKnownFileType = file.storyboard; name = Base; path = Base.lproj/Main.storyboard; sourceTree = "<group>"; };
		94FA3DB5306ABC8600026399 /* Info.plist */ = {isa = PBXFileReference; lastKnownFileType = text.plist.xml; path = Info.plist; sourceTree = "<group>"; };
		94FA3DBA306ABC8600026399 /* Archive.ph Opener.app */ = {isa = PBXFileReference; explicitFileType = wrapper.application; includeInIndex = 0; path = "Archive.ph Opener.app"; sourceTree = BUILT_PRODUCTS_DIR; };
		94FA3DBC306ABC8600026399 /* AppDelegate.swift */ = {isa = PBXFileReference; lastKnownFileType = sourcecode.swift; path = AppDelegate.swift; sourceTree = "<group>"; };
		94FA3DBF306ABC8600026399 /* Base */ = {isa = PBXFileReference; lastKnownFileType = file.storyboard; name = Base; path = Base.lproj/Main.storyboard; sourceTree = "<group>"; };
		94FA3DC1306ABC8600026399 /* Info.plist */ = {isa = PBXFileReference; lastKnownFileType = text.plist.xml; path = Info.plist; sourceTree = "<group>"; };
		94FA3DC6306ABC8600026399 /* Archive.ph Opener Extension.appex */ = {isa = PBXFileReference; explicitFileType = "wrapper.app-extension"; includeInIndex = 0; path = "Archive.ph Opener Extension.appex"; sourceTree = BUILT_PRODUCTS_DIR; };
		94FA3DCB306ABC8600026399 /* Info.plist */ = {isa = PBXFileReference; lastKnownFileType = text.plist.xml; path = Info.plist; sourceTree = "<group>"; };
		94FA3DD0306ABC8600026399 /* Archive.ph Opener Extension.appex */ = {isa = PBXFileReference; explicitFileType = "wrapper.app-extension"; includeInIndex = 0; path = "Archive.ph Opener Extension.appex"; sourceTree = BUILT_PRODUCTS_DIR; };
		94FA3DD5306ABC8600026399 /* Info.plist */ = {isa = PBXFileReference; lastKnownFileType = text.plist.xml; path = Info.plist; sourceTree = "<group>"; };
		94FA3DF5306ABC8600026399 /* settings */ = {isa = PBXFileReference; lastKnownFileType = folder; name = settings; path = ../../../extension/settings; sourceTree = "<group>"; };
		94FA3DF6306ABC8600026399 /* background.js */ = {isa = PBXFileReference; lastKnownFileType = sourcecode.javascript; name = background.js; path = ../../../extension/background.js; sourceTree = "<group>"; };
		94FA3DF7306ABC8600026399 /* images */ = {isa = PBXFileReference; lastKnownFileType = folder; name = images; path = ../../../extension/images; sourceTree = "<group>"; };
		94FA3DF8306ABC8600026399 /* archive-url.js */ = {isa = PBXFileReference; lastKnownFileType = sourcecode.javascript; name = "archive-url.js"; path = "../../../extension/archive-url.js"; sourceTree = "<group>"; };
		94FA3DF9306ABC8600026399 /* manifest.json */ = {isa = PBXFileReference; lastKnownFileType = text.json; name = manifest.json; path = ../../../extension/manifest.json; sourceTree = "<group>"; };
		94FA3DFA306ABC8600026399 /* snapshot-probe.js */ = {isa = PBXFileReference; lastKnownFileType = sourcecode.javascript; name = "snapshot-probe.js"; path = "../../../extension/snapshot-probe.js"; sourceTree = "<group>"; };
/* End PBXFileReference section */

/* Begin PBXFrameworksBuildPhase section */
		94FA3DA5306ABC8600026399 /* Frameworks */ = {
			isa = PBXFrameworksBuildPhase;
			files = (
			);
		};
		94FA3DB7306ABC8600026399 /* Frameworks */ = {
			isa = PBXFrameworksBuildPhase;
			files = (
			);
		};
		94FA3DC3306ABC8600026399 /* Frameworks */ = {
			isa = PBXFrameworksBuildPhase;
			files = (
			);
		};
		94FA3DCD306ABC8600026399 /* Frameworks */ = {
			isa = PBXFrameworksBuildPhase;
			files = (
			);
		};
/* End PBXFrameworksBuildPhase section */

/* Begin PBXGroup section */
		94FA3D94306ABC8400026399 = {
			isa = PBXGroup;
			children = (
				94FA3D99306ABC8400026399 /* Shared (App) */,
				94FA3DA2306ABC8600026399 /* Shared (Extension) */,
				94FA3DAA306ABC8600026399 /* iOS (App) */,
				94FA3DBB306ABC8600026399 /* macOS (App) */,
				94FA3DCA306ABC8600026399 /* iOS (Extension) */,
				94FA3DD4306ABC8600026399 /* macOS (Extension) */,
				94FA3DA9306ABC8600026399 /* Products */,
			);
			sourceTree = "<group>";
		};
		94FA3D99306ABC8400026399 /* Shared (App) */ = {
			isa = PBXGroup;
			children = (
				94FA3DA0306ABC8400026399 /* ViewController.swift */,
				94FA3DA1306ABC8600026399 /* Assets.xcassets */,
				94FA3D9A306ABC8400026399 /* Resources */,
			);
			path = "Shared (App)";
			sourceTree = "<group>";
		};
		94FA3D9A306ABC8400026399 /* Resources */ = {
			isa = PBXGroup;
			children = (
				94FA3D9B306ABC8400026399 /* Main.html */,
				94FA3D9D306ABC8400026399 /* Icon.png */,
				94FA3D9E306ABC8400026399 /* Style.css */,
				94FA3D9F306ABC8400026399 /* Script.js */,
			);
			path = Resources;
			sourceTree = "<group>";
		};
		94FA3DA2306ABC8600026399 /* Shared (Extension) */ = {
			isa = PBXGroup;
			children = (
				94FA3DF4306ABC8600026399 /* Resources */,
				94FA3DA3306ABC8600026399 /* SafariWebExtensionHandler.swift */,
			);
			path = "Shared (Extension)";
			sourceTree = "<group>";
		};
		94FA3DA9306ABC8600026399 /* Products */ = {
			isa = PBXGroup;
			children = (
				94FA3DA8306ABC8600026399 /* Archive.ph Opener.app */,
				94FA3DBA306ABC8600026399 /* Archive.ph Opener.app */,
				94FA3DC6306ABC8600026399 /* Archive.ph Opener Extension.appex */,
				94FA3DD0306ABC8600026399 /* Archive.ph Opener Extension.appex */,
			);
			name = Products;
			sourceTree = "<group>";
		};
		94FA3DAA306ABC8600026399 /* iOS (App) */ = {
			isa = PBXGroup;
			children = (
				94FA3DAB306ABC8600026399 /* AppDelegate.swift */,
				94FA3DAD306ABC8600026399 /* SceneDelegate.swift */,
				94FA3DAF306ABC8600026399 /* LaunchScreen.storyboard */,
				94FA3DB2306ABC8600026399 /* Main.storyboard */,
				94FA3DB5306ABC8600026399 /* Info.plist */,
			);
			path = "iOS (App)";
			sourceTree = "<group>";
		};
		94FA3DBB306ABC8600026399 /* macOS (App) */ = {
			isa = PBXGroup;
			children = (
				94FA3DBC306ABC8600026399 /* AppDelegate.swift */,
				94FA3DBE306ABC8600026399 /* Main.storyboard */,
				94FA3DC1306ABC8600026399 /* Info.plist */,
			);
			path = "macOS (App)";
			sourceTree = "<group>";
		};
		94FA3DCA306ABC8600026399 /* iOS (Extension) */ = {
			isa = PBXGroup;
			children = (
				94FA3DCB306ABC8600026399 /* Info.plist */,
			);
			path = "iOS (Extension)";
			sourceTree = "<group>";
		};
		94FA3DD4306ABC8600026399 /* macOS (Extension) */ = {
			isa = PBXGroup;
			children = (
				94FA3DD5306ABC8600026399 /* Info.plist */,
			);
			path = "macOS (Extension)";
			sourceTree = "<group>";
		};
		94FA3DF4306ABC8600026399 /* Resources */ = {
			isa = PBXGroup;
			children = (
				94FA3DF5306ABC8600026399 /* settings */,
				94FA3DF6306ABC8600026399 /* background.js */,
				94FA3DF7306ABC8600026399 /* images */,
				94FA3DF8306ABC8600026399 /* archive-url.js */,
				94FA3DF9306ABC8600026399 /* manifest.json */,
				94FA3DFA306ABC8600026399 /* snapshot-probe.js */,
			);
			name = Resources;
			path = "Shared (Extension)";
			sourceTree = SOURCE_ROOT;
		};
/* End PBXGroup section */

/* Begin PBXNativeTarget section */
		94FA3DA7306ABC8600026399 /* Archive.ph Opener (iOS) */ = {
			isa = PBXNativeTarget;
			buildConfigurationList = 94FA3DEA306ABC8600026399 /* Build configuration list for PBXNativeTarget "Archive.ph Opener (iOS)" */;
			buildPhases = (
				94FA3DA4306ABC8600026399 /* Sources */,
				94FA3DA5306ABC8600026399 /* Frameworks */,
				94FA3DA6306ABC8600026399 /* Resources */,
				94FA3DE9306ABC8600026399 /* Embed Foundation Extensions */,
			);
			buildRules = (
			);
			dependencies = (
				94FA3DC9306ABC8600026399 /* PBXTargetDependency */,
			);
			name = "Archive.ph Opener (iOS)";
			productName = "Archive.ph Opener (iOS)";
			productReference = 94FA3DA8306ABC8600026399 /* Archive.ph Opener.app */;
			productType = "com.apple.product-type.application";
		};
		94FA3DB9306ABC8600026399 /* Archive.ph Opener (macOS) */ = {
			isa = PBXNativeTarget;
			buildConfigurationList = 94FA3DF1306ABC8600026399 /* Build configuration list for PBXNativeTarget "Archive.ph Opener (macOS)" */;
			buildPhases = (
				94FA3DB6306ABC8600026399 /* Sources */,
				94FA3DB7306ABC8600026399 /* Frameworks */,
				94FA3DB8306ABC8600026399 /* Resources */,
				94FA3DF0306ABC8600026399 /* Embed Foundation Extensions */,
			);
			buildRules = (
			);
			dependencies = (
				94FA3DD3306ABC8600026399 /* PBXTargetDependency */,
			);
			name = "Archive.ph Opener (macOS)";
			productName = "Archive.ph Opener (macOS)";
			productReference = 94FA3DBA306ABC8600026399 /* Archive.ph Opener.app */;
			productType = "com.apple.product-type.application";
		};
		94FA3DC5306ABC8600026399 /* Archive.ph Opener Extension (iOS) */ = {
			isa = PBXNativeTarget;
			buildConfigurationList = 94FA3DE6306ABC8600026399 /* Build configuration list for PBXNativeTarget "Archive.ph Opener Extension (iOS)" */;
			buildPhases = (
				94FA3DC2306ABC8600026399 /* Sources */,
				94FA3DC3306ABC8600026399 /* Frameworks */,
				94FA3DC4306ABC8600026399 /* Resources */,
			);
			buildRules = (
			);
			name = "Archive.ph Opener Extension (iOS)";
			productName = "Archive.ph Opener Extension (iOS)";
			productReference = 94FA3DC6306ABC8600026399 /* Archive.ph Opener Extension.appex */;
			productType = "com.apple.product-type.app-extension";
		};
		94FA3DCF306ABC8600026399 /* Archive.ph Opener Extension (macOS) */ = {
			isa = PBXNativeTarget;
			buildConfigurationList = 94FA3DED306ABC8600026399 /* Build configuration list for PBXNativeTarget "Archive.ph Opener Extension (macOS)" */;
			buildPhases = (
				94FA3DCC306ABC8600026399 /* Sources */,
				94FA3DCD306ABC8600026399 /* Frameworks */,
				94FA3DCE306ABC8600026399 /* Resources */,
			);
			buildRules = (
			);
			name = "Archive.ph Opener Extension (macOS)";
			productName = "Archive.ph Opener Extension (macOS)";
			productReference = 94FA3DD0306ABC8600026399 /* Archive.ph Opener Extension.appex */;
			productType = "com.apple.product-type.app-extension";
		};
/* End PBXNativeTarget section */

/* Begin PBXProject section */
		94FA3D95306ABC8400026399 /* Project object */ = {
			isa = PBXProject;
			attributes = {
				BuildIndependentTargetsInParallel = 1;
				LastSwiftUpdateCheck = 2700;
				LastUpgradeCheck = 2700;
				TargetAttributes = {
					94FA3DA7306ABC8600026399 = {
						CreatedOnToolsVersion = 27.0;
					};
					94FA3DB9306ABC8600026399 = {
						CreatedOnToolsVersion = 27.0;
					};
					94FA3DC5306ABC8600026399 = {
						CreatedOnToolsVersion = 27.0;
					};
					94FA3DCF306ABC8600026399 = {
						CreatedOnToolsVersion = 27.0;
					};
				};
			};
			buildConfigurationList = 94FA3D98306ABC8400026399 /* Build configuration list for PBXProject "Archive.ph Opener" */;
			developmentRegion = en;
			hasScannedForEncodings = 0;
			knownRegions = (
				en,
				Base,
			);
			mainGroup = 94FA3D94306ABC8400026399;
			minimizedProjectReferenceProxies = 1;
			preferredProjectObjectVersion = 77;
			productRefGroup = 94FA3DA9306ABC8600026399 /* Products */;
			projectDirPath = "";
			projectRoot = "";
			targets = (
				94FA3DA7306ABC8600026399 /* Archive.ph Opener (iOS) */,
				94FA3DB9306ABC8600026399 /* Archive.ph Opener (macOS) */,
				94FA3DC5306ABC8600026399 /* Archive.ph Opener Extension (iOS) */,
				94FA3DCF306ABC8600026399 /* Archive.ph Opener Extension (macOS) */,
			);
		};
/* End PBXProject section */

/* Begin PBXResourcesBuildPhase section */
		94FA3DA6306ABC8600026399 /* Resources */ = {
			isa = PBXResourcesBuildPhase;
			files = (
				94FA3DD8306ABC8600026399 /* Icon.png in Resources */,
				94FA3DB1306ABC8600026399 /* LaunchScreen.storyboard in Resources */,
				94FA3DD6306ABC8600026399 /* Main.html in Resources */,
				94FA3DDC306ABC8600026399 /* Script.js in Resources */,
				94FA3DE0306ABC8600026399 /* Assets.xcassets in Resources */,
				94FA3DB4306ABC8600026399 /* Main.storyboard in Resources */,
				94FA3DDA306ABC8600026399 /* Style.css in Resources */,
			);
		};
		94FA3DB8306ABC8600026399 /* Resources */ = {
			isa = PBXResourcesBuildPhase;
			files = (
				94FA3DD9306ABC8600026399 /* Icon.png in Resources */,
				94FA3DDB306ABC8600026399 /* Style.css in Resources */,
				94FA3DC0306ABC8600026399 /* Main.storyboard in Resources */,
				94FA3DDD306ABC8600026399 /* Script.js in Resources */,
				94FA3DE1306ABC8600026399 /* Assets.xcassets in Resources */,
				94FA3DD7306ABC8600026399 /* Main.html in Resources */,
			);
		};
		94FA3DC4306ABC8600026399 /* Resources */ = {
			isa = PBXResourcesBuildPhase;
			files = (
				94FA3E03306ABC8600026399 /* images in Resources */,
				94FA3E02306ABC8600026399 /* background.js in Resources */,
				94FA3E05306ABC8600026399 /* manifest.json in Resources */,
				94FA3E06306ABC8600026399 /* snapshot-probe.js in Resources */,
				94FA3E01306ABC8600026399 /* settings in Resources */,
				94FA3E04306ABC8600026399 /* archive-url.js in Resources */,
			);
		};
		94FA3DCE306ABC8600026399 /* Resources */ = {
			isa = PBXResourcesBuildPhase;
			files = (
				94FA3DFD306ABC8600026399 /* images in Resources */,
				94FA3DFC306ABC8600026399 /* background.js in Resources */,
				94FA3DFF306ABC8600026399 /* manifest.json in Resources */,
				94FA3E00306ABC8600026399 /* snapshot-probe.js in Resources */,
				94FA3DFB306ABC8600026399 /* settings in Resources */,
				94FA3DFE306ABC8600026399 /* archive-url.js in Resources */,
			);
		};
/* End PBXResourcesBuildPhase section */

/* Begin PBXSourcesBuildPhase section */
		94FA3DA4306ABC8600026399 /* Sources */ = {
			isa = PBXSourcesBuildPhase;
			files = (
				94FA3DDE306ABC8600026399 /* ViewController.swift in Sources */,
				94FA3DAC306ABC8600026399 /* AppDelegate.swift in Sources */,
				94FA3DAE306ABC8600026399 /* SceneDelegate.swift in Sources */,
			);
		};
		94FA3DB6306ABC8600026399 /* Sources */ = {
			isa = PBXSourcesBuildPhase;
			files = (
				94FA3DDF306ABC8600026399 /* ViewController.swift in Sources */,
				94FA3DBD306ABC8600026399 /* AppDelegate.swift in Sources */,
			);
		};
		94FA3DC2306ABC8600026399 /* Sources */ = {
			isa = PBXSourcesBuildPhase;
			files = (
				94FA3DE2306ABC8600026399 /* SafariWebExtensionHandler.swift in Sources */,
			);
		};
		94FA3DCC306ABC8600026399 /* Sources */ = {
			isa = PBXSourcesBuildPhase;
			files = (
				94FA3DE3306ABC8600026399 /* SafariWebExtensionHandler.swift in Sources */,
			);
		};
/* End PBXSourcesBuildPhase section */

/* Begin PBXTargetDependency section */
		94FA3DC9306ABC8600026399 /* PBXTargetDependency */ = {
			isa = PBXTargetDependency;
			target = 94FA3DC5306ABC8600026399 /* Archive.ph Opener Extension (iOS) */;
			targetProxy = 94FA3DC8306ABC8600026399 /* PBXContainerItemProxy */;
		};
		94FA3DD3306ABC8600026399 /* PBXTargetDependency */ = {
			isa = PBXTargetDependency;
			target = 94FA3DCF306ABC8600026399 /* Archive.ph Opener Extension (macOS) */;
			targetProxy = 94FA3DD2306ABC8600026399 /* PBXContainerItemProxy */;
		};
/* End PBXTargetDependency section */

/* Begin PBXVariantGroup section */
		94FA3D9B306ABC8400026399 /* Main.html */ = {
			isa = PBXVariantGroup;
			children = (
				94FA3D9C306ABC8400026399 /* Base */,
			);
			name = Main.html;
			sourceTree = "<group>";
		};
		94FA3DAF306ABC8600026399 /* LaunchScreen.storyboard */ = {
			isa = PBXVariantGroup;
			children = (
				94FA3DB0306ABC8600026399 /* Base */,
			);
			name = LaunchScreen.storyboard;
			sourceTree = "<group>";
		};
		94FA3DB2306ABC8600026399 /* Main.storyboard */ = {
			isa = PBXVariantGroup;
			children = (
				94FA3DB3306ABC8600026399 /* Base */,
			);
			name = Main.storyboard;
			sourceTree = "<group>";
		};
		94FA3DBE306ABC8600026399 /* Main.storyboard */ = {
			isa = PBXVariantGroup;
			children = (
				94FA3DBF306ABC8600026399 /* Base */,
			);
			name = Main.storyboard;
			sourceTree = "<group>";
		};
/* End PBXVariantGroup section */

/* Begin XCBuildConfiguration section */
		94FA3DE4306ABC8600026399 /* Debug configuration for PBXProject "Archive.ph Opener" */ = {
			isa = XCBuildConfiguration;
			buildSettings = {
				ALWAYS_SEARCH_USER_PATHS = NO;
				ASSETCATALOG_COMPILER_GENERATE_SWIFT_ASSET_SYMBOL_EXTENSIONS = YES;
				CLANG_ANALYZER_NONNULL = YES;
				CLANG_ANALYZER_NUMBER_OBJECT_CONVERSION = YES_AGGRESSIVE;
				CLANG_CXX_LANGUAGE_STANDARD = "gnu++20";
				CLANG_ENABLE_MODULES = YES;
				CLANG_ENABLE_OBJC_ARC = YES;
				CLANG_ENABLE_OBJC_WEAK = YES;
				CLANG_WARN_BLOCK_CAPTURE_AUTORELEASING = YES;
				CLANG_WARN_BOOL_CONVERSION = YES;
				CLANG_WARN_COMMA = YES;
				CLANG_WARN_CONSTANT_CONVERSION = YES;
				CLANG_WARN_DEPRECATED_OBJC_IMPLEMENTATIONS = YES;
				CLANG_WARN_DIRECT_OBJC_ISA_USAGE = YES_ERROR;
				CLANG_WARN_DOCUMENTATION_COMMENTS = YES;
				CLANG_WARN_EMPTY_BODY = YES;
				CLANG_WARN_ENUM_CONVERSION = YES;
				CLANG_WARN_INFINITE_RECURSION = YES;
				CLANG_WARN_INT_CONVERSION = YES;
				CLANG_WARN_NON_LITERAL_NULL_CONVERSION = YES;
				CLANG_WARN_OBJC_IMPLICIT_RETAIN_SELF = YES;
				CLANG_WARN_OBJC_LITERAL_CONVERSION = YES;
				CLANG_WARN_OBJC_ROOT_CLASS = YES_ERROR;
				CLANG_WARN_QUOTED_INCLUDE_IN_FRAMEWORK_HEADER = YES;
				CLANG_WARN_RANGE_LOOP_ANALYSIS = YES;
				CLANG_WARN_STRICT_PROTOTYPES = YES;
				CLANG_WARN_SUSPICIOUS_MOVE = YES;
				CLANG_WARN_UNGUARDED_AVAILABILITY = YES_AGGRESSIVE;
				CLANG_WARN_UNREACHABLE_CODE = YES;
				CLANG_WARN__DUPLICATE_METHOD_MATCH = YES;
				COPY_PHASE_STRIP = NO;
				DEBUG_INFORMATION_FORMAT = dwarf;
				ENABLE_STRICT_OBJC_MSGSEND = YES;
				ENABLE_TESTABILITY = YES;
				ENABLE_USER_SCRIPT_SANDBOXING = YES;
				GCC_C_LANGUAGE_STANDARD = gnu17;
				GCC_DYNAMIC_NO_PIC = NO;
				GCC_NO_COMMON_BLOCKS = YES;
				GCC_OPTIMIZATION_LEVEL = 0;
				GCC_PREPROCESSOR_DEFINITIONS = (
					"DEBUG=1",
					"$(inherited)",
				);
				GCC_WARN_64_TO_32_BIT_CONVERSION = YES;
				GCC_WARN_ABOUT_RETURN_TYPE = YES_ERROR;
				GCC_WARN_UNDECLARED_SELECTOR = YES;
				GCC_WARN_UNINITIALIZED_AUTOS = YES_AGGRESSIVE;
				GCC_WARN_UNUSED_FUNCTION = YES;
				GCC_WARN_UNUSED_VARIABLE = YES;
				LOCALIZATION_PREFERS_STRING_CATALOGS = YES;
				MTL_ENABLE_DEBUG_INFO = INCLUDE_SOURCE;
				MTL_FAST_MATH = YES;
				ONLY_ACTIVE_ARCH = YES;
				SWIFT_ACTIVE_COMPILATION_CONDITIONS = "DEBUG $(inherited)";
				SWIFT_OPTIMIZATION_LEVEL = "-Onone";
			};
			name = Debug;
		};
		94FA3DE5306ABC8600026399 /* Release configuration for PBXProject "Archive.ph Opener" */ = {
			isa = XCBuildConfiguration;
			buildSettings = {
				ALWAYS_SEARCH_USER_PATHS = NO;
				ASSETCATALOG_COMPILER_GENERATE_SWIFT_ASSET_SYMBOL_EXTENSIONS = YES;
				CLANG_ANALYZER_NONNULL = YES;
				CLANG_ANALYZER_NUMBER_OBJECT_CONVERSION = YES_AGGRESSIVE;
				CLANG_CXX_LANGUAGE_STANDARD = "gnu++20";
				CLANG_ENABLE_MODULES = YES;
				CLANG_ENABLE_OBJC_ARC = YES;
				CLANG_ENABLE_OBJC_WEAK = YES;
				CLANG_WARN_BLOCK_CAPTURE_AUTORELEASING = YES;
				CLANG_WARN_BOOL_CONVERSION = YES;
				CLANG_WARN_COMMA = YES;
				CLANG_WARN_CONSTANT_CONVERSION = YES;
				CLANG_WARN_DEPRECATED_OBJC_IMPLEMENTATIONS = YES;
				CLANG_WARN_DIRECT_OBJC_ISA_USAGE = YES_ERROR;
				CLANG_WARN_DOCUMENTATION_COMMENTS = YES;
				CLANG_WARN_EMPTY_BODY = YES;
				CLANG_WARN_ENUM_CONVERSION = YES;
				CLANG_WARN_INFINITE_RECURSION = YES;
				CLANG_WARN_INT_CONVERSION = YES;
				CLANG_WARN_NON_LITERAL_NULL_CONVERSION = YES;
				CLANG_WARN_OBJC_IMPLICIT_RETAIN_SELF = YES;
				CLANG_WARN_OBJC_LITERAL_CONVERSION = YES;
				CLANG_WARN_OBJC_ROOT_CLASS = YES_ERROR;
				CLANG_WARN_QUOTED_INCLUDE_IN_FRAMEWORK_HEADER = YES;
				CLANG_WARN_RANGE_LOOP_ANALYSIS = YES;
				CLANG_WARN_STRICT_PROTOTYPES = YES;
				CLANG_WARN_SUSPICIOUS_MOVE = YES;
				CLANG_WARN_UNGUARDED_AVAILABILITY = YES_AGGRESSIVE;
				CLANG_WARN_UNREACHABLE_CODE = YES;
				CLANG_WARN__DUPLICATE_METHOD_MATCH = YES;
				COPY_PHASE_STRIP = NO;
				DEBUG_INFORMATION_FORMAT = "dwarf-with-dsym";
				ENABLE_NS_ASSERTIONS = NO;
				ENABLE_STRICT_OBJC_MSGSEND = YES;
				ENABLE_USER_SCRIPT_SANDBOXING = YES;
				GCC_C_LANGUAGE_STANDARD = gnu17;
				GCC_NO_COMMON_BLOCKS = YES;
				GCC_WARN_64_TO_32_BIT_CONVERSION = YES;
				GCC_WARN_ABOUT_RETURN_TYPE = YES_ERROR;
				GCC_WARN_UNDECLARED_SELECTOR = YES;
				GCC_WARN_UNINITIALIZED_AUTOS = YES_AGGRESSIVE;
				GCC_WARN_UNUSED_FUNCTION = YES;
				GCC_WARN_UNUSED_VARIABLE = YES;
				LOCALIZATION_PREFERS_STRING_CATALOGS = YES;
				MTL_ENABLE_DEBUG_INFO = NO;
				MTL_FAST_MATH = YES;
				SWIFT_COMPILATION_MODE = wholemodule;
			};
			name = Release;
		};
		94FA3DE7306ABC8600026399 /* Debug configuration for PBXNativeTarget "Archive.ph Opener Extension (iOS)" */ = {
			isa = XCBuildConfiguration;
			buildSettings = {
				CODE_SIGN_STYLE = Automatic;
				CURRENT_PROJECT_VERSION = 1;
				GENERATE_INFOPLIST_FILE = YES;
				INFOPLIST_FILE = "iOS (Extension)/Info.plist";
				INFOPLIST_KEY_CFBundleDisplayName = "Archive.ph Opener Extension";
				INFOPLIST_KEY_NSHumanReadableCopyright = "";
				IPHONEOS_DEPLOYMENT_TARGET = 15.0;
				LD_RUNPATH_SEARCH_PATHS = (
					"$(inherited)",
					"@executable_path/Frameworks",
					"@executable_path/../../Frameworks",
				);
				MARKETING_VERSION = 1.0;
				OTHER_LDFLAGS = (
					"-framework",
					SafariServices,
				);
				PRODUCT_BUNDLE_IDENTIFIER = ie.boboco.ArchivePhOpener.Extension;
				PRODUCT_NAME = "Archive.ph Opener Extension";
				SDKROOT = iphoneos;
				SKIP_INSTALL = YES;
				STRING_CATALOG_GENERATE_SYMBOLS = YES;
				SWIFT_APPROACHABLE_CONCURRENCY = YES;
				SWIFT_EMIT_LOC_STRINGS = YES;
				SWIFT_UPCOMING_FEATURE_MEMBER_IMPORT_VISIBILITY = YES;
				SWIFT_VERSION = 5.0;
				TARGETED_DEVICE_FAMILY = "1,2";
			};
			name = Debug;
		};
		94FA3DE8306ABC8600026399 /* Release configuration for PBXNativeTarget "Archive.ph Opener Extension (iOS)" */ = {
			isa = XCBuildConfiguration;
			buildSettings = {
				CODE_SIGN_STYLE = Automatic;
				CURRENT_PROJECT_VERSION = 1;
				GENERATE_INFOPLIST_FILE = YES;
				INFOPLIST_FILE = "iOS (Extension)/Info.plist";
				INFOPLIST_KEY_CFBundleDisplayName = "Archive.ph Opener Extension";
				INFOPLIST_KEY_NSHumanReadableCopyright = "";
				IPHONEOS_DEPLOYMENT_TARGET = 15.0;
				LD_RUNPATH_SEARCH_PATHS = (
					"$(inherited)",
					"@executable_path/Frameworks",
					"@executable_path/../../Frameworks",
				);
				MARKETING_VERSION = 1.0;
				OTHER_LDFLAGS = (
					"-framework",
					SafariServices,
				);
				PRODUCT_BUNDLE_IDENTIFIER = ie.boboco.ArchivePhOpener.Extension;
				PRODUCT_NAME = "Archive.ph Opener Extension";
				SDKROOT = iphoneos;
				SKIP_INSTALL = YES;
				STRING_CATALOG_GENERATE_SYMBOLS = YES;
				SWIFT_APPROACHABLE_CONCURRENCY = YES;
				SWIFT_EMIT_LOC_STRINGS = YES;
				SWIFT_UPCOMING_FEATURE_MEMBER_IMPORT_VISIBILITY = YES;
				SWIFT_VERSION = 5.0;
				TARGETED_DEVICE_FAMILY = "1,2";
				VALIDATE_PRODUCT = YES;
			};
			name = Release;
		};
		94FA3DEB306ABC8600026399 /* Debug configuration for PBXNativeTarget "Archive.ph Opener (iOS)" */ = {
			isa = XCBuildConfiguration;
			buildSettings = {
				ASSETCATALOG_COMPILER_APPICON_NAME = AppIcon;
				ASSETCATALOG_COMPILER_GLOBAL_ACCENT_COLOR_NAME = AccentColor;
				CODE_SIGN_STYLE = Automatic;
				CURRENT_PROJECT_VERSION = 1;
				GENERATE_INFOPLIST_FILE = YES;
				INFOPLIST_FILE = "iOS (App)/Info.plist";
				INFOPLIST_KEY_CFBundleDisplayName = "Archive.ph Opener";
				INFOPLIST_KEY_UIApplicationSupportsIndirectInputEvents = YES;
				INFOPLIST_KEY_UILaunchStoryboardName = LaunchScreen;
				INFOPLIST_KEY_UIMainStoryboardFile = Main;
				INFOPLIST_KEY_UISupportedInterfaceOrientations = "UIInterfaceOrientationPortrait UIInterfaceOrientationLandscapeLeft UIInterfaceOrientationLandscapeRight";
				INFOPLIST_KEY_UISupportedInterfaceOrientations_iPad = "UIInterfaceOrientationPortrait UIInterfaceOrientationPortraitUpsideDown UIInterfaceOrientationLandscapeLeft UIInterfaceOrientationLandscapeRight";
				IPHONEOS_DEPLOYMENT_TARGET = 17.0;
				LD_RUNPATH_SEARCH_PATHS = (
					"$(inherited)",
					"@executable_path/Frameworks",
				);
				MARKETING_VERSION = 1.0;
				OTHER_LDFLAGS = (
					"-framework",
					SafariServices,
					"-framework",
					WebKit,
				);
				PRODUCT_BUNDLE_IDENTIFIER = ie.boboco.ArchivePhOpener;
				PRODUCT_NAME = "Archive.ph Opener";
				SDKROOT = iphoneos;
				STRING_CATALOG_GENERATE_SYMBOLS = YES;
				SWIFT_APPROACHABLE_CONCURRENCY = YES;
				SWIFT_DEFAULT_ACTOR_ISOLATION = MainActor;
				SWIFT_EMIT_LOC_STRINGS = YES;
				SWIFT_UPCOMING_FEATURE_MEMBER_IMPORT_VISIBILITY = YES;
				SWIFT_VERSION = 5.0;
				TARGETED_DEVICE_FAMILY = "1,2";
			};
			name = Debug;
		};
		94FA3DEC306ABC8600026399 /* Release configuration for PBXNativeTarget "Archive.ph Opener (iOS)" */ = {
			isa = XCBuildConfiguration;
			buildSettings = {
				ASSETCATALOG_COMPILER_APPICON_NAME = AppIcon;
				ASSETCATALOG_COMPILER_GLOBAL_ACCENT_COLOR_NAME = AccentColor;
				CODE_SIGN_STYLE = Automatic;
				CURRENT_PROJECT_VERSION = 1;
				GENERATE_INFOPLIST_FILE = YES;
				INFOPLIST_FILE = "iOS (App)/Info.plist";
				INFOPLIST_KEY_CFBundleDisplayName = "Archive.ph Opener";
				INFOPLIST_KEY_UIApplicationSupportsIndirectInputEvents = YES;
				INFOPLIST_KEY_UILaunchStoryboardName = LaunchScreen;
				INFOPLIST_KEY_UIMainStoryboardFile = Main;
				INFOPLIST_KEY_UISupportedInterfaceOrientations = "UIInterfaceOrientationPortrait UIInterfaceOrientationLandscapeLeft UIInterfaceOrientationLandscapeRight";
				INFOPLIST_KEY_UISupportedInterfaceOrientations_iPad = "UIInterfaceOrientationPortrait UIInterfaceOrientationPortraitUpsideDown UIInterfaceOrientationLandscapeLeft UIInterfaceOrientationLandscapeRight";
				IPHONEOS_DEPLOYMENT_TARGET = 17.0;
				LD_RUNPATH_SEARCH_PATHS = (
					"$(inherited)",
					"@executable_path/Frameworks",
				);
				MARKETING_VERSION = 1.0;
				OTHER_LDFLAGS = (
					"-framework",
					SafariServices,
					"-framework",
					WebKit,
				);
				PRODUCT_BUNDLE_IDENTIFIER = ie.boboco.ArchivePhOpener;
				PRODUCT_NAME = "Archive.ph Opener";
				SDKROOT = iphoneos;
				STRING_CATALOG_GENERATE_SYMBOLS = YES;
				SWIFT_APPROACHABLE_CONCURRENCY = YES;
				SWIFT_DEFAULT_ACTOR_ISOLATION = MainActor;
				SWIFT_EMIT_LOC_STRINGS = YES;
				SWIFT_UPCOMING_FEATURE_MEMBER_IMPORT_VISIBILITY = YES;
				SWIFT_VERSION = 5.0;
				TARGETED_DEVICE_FAMILY = "1,2";
				VALIDATE_PRODUCT = YES;
			};
			name = Release;
		};
		94FA3DEE306ABC8600026399 /* Debug configuration for PBXNativeTarget "Archive.ph Opener Extension (macOS)" */ = {
			isa = XCBuildConfiguration;
			buildSettings = {
				CODE_SIGN_STYLE = Automatic;
				CURRENT_PROJECT_VERSION = 1;
				ENABLE_APP_SANDBOX = YES;
				ENABLE_HARDENED_RUNTIME = YES;
				ENABLE_USER_SELECTED_FILES = readonly;
				GENERATE_INFOPLIST_FILE = YES;
				INFOPLIST_FILE = "macOS (Extension)/Info.plist";
				INFOPLIST_KEY_CFBundleDisplayName = "Archive.ph Opener Extension";
				INFOPLIST_KEY_NSHumanReadableCopyright = "";
				LD_RUNPATH_SEARCH_PATHS = (
					"$(inherited)",
					"@executable_path/../Frameworks",
					"@executable_path/../../../../Frameworks",
				);
				MACOSX_DEPLOYMENT_TARGET = 12.0;
				MARKETING_VERSION = 1.0;
				OTHER_LDFLAGS = (
					"-framework",
					SafariServices,
				);
				PRODUCT_BUNDLE_IDENTIFIER = ie.boboco.ArchivePhOpener.Extension;
				PRODUCT_NAME = "Archive.ph Opener Extension";
				SDKROOT = macosx;
				SKIP_INSTALL = YES;
				STRING_CATALOG_GENERATE_SYMBOLS = YES;
				SWIFT_APPROACHABLE_CONCURRENCY = YES;
				SWIFT_EMIT_LOC_STRINGS = YES;
				SWIFT_UPCOMING_FEATURE_MEMBER_IMPORT_VISIBILITY = YES;
				SWIFT_VERSION = 5.0;
			};
			name = Debug;
		};
		94FA3DEF306ABC8600026399 /* Release configuration for PBXNativeTarget "Archive.ph Opener Extension (macOS)" */ = {
			isa = XCBuildConfiguration;
			buildSettings = {
				CODE_SIGN_STYLE = Automatic;
				CURRENT_PROJECT_VERSION = 1;
				ENABLE_APP_SANDBOX = YES;
				ENABLE_HARDENED_RUNTIME = YES;
				ENABLE_USER_SELECTED_FILES = readonly;
				GENERATE_INFOPLIST_FILE = YES;
				INFOPLIST_FILE = "macOS (Extension)/Info.plist";
				INFOPLIST_KEY_CFBundleDisplayName = "Archive.ph Opener Extension";
				INFOPLIST_KEY_NSHumanReadableCopyright = "";
				LD_RUNPATH_SEARCH_PATHS = (
					"$(inherited)",
					"@executable_path/../Frameworks",
					"@executable_path/../../../../Frameworks",
				);
				MACOSX_DEPLOYMENT_TARGET = 12.0;
				MARKETING_VERSION = 1.0;
				OTHER_LDFLAGS = (
					"-framework",
					SafariServices,
				);
				PRODUCT_BUNDLE_IDENTIFIER = ie.boboco.ArchivePhOpener.Extension;
				PRODUCT_NAME = "Archive.ph Opener Extension";
				SDKROOT = macosx;
				SKIP_INSTALL = YES;
				STRING_CATALOG_GENERATE_SYMBOLS = YES;
				SWIFT_APPROACHABLE_CONCURRENCY = YES;
				SWIFT_EMIT_LOC_STRINGS = YES;
				SWIFT_UPCOMING_FEATURE_MEMBER_IMPORT_VISIBILITY = YES;
				SWIFT_VERSION = 5.0;
			};
			name = Release;
		};
		94FA3DF2306ABC8600026399 /* Debug configuration for PBXNativeTarget "Archive.ph Opener (macOS)" */ = {
			isa = XCBuildConfiguration;
			buildSettings = {
				ASSETCATALOG_COMPILER_APPICON_NAME = AppIcon;
				ASSETCATALOG_COMPILER_GLOBAL_ACCENT_COLOR_NAME = AccentColor;
				CODE_SIGN_STYLE = Automatic;
				CURRENT_PROJECT_VERSION = 1;
				ENABLE_APP_SANDBOX = YES;
				ENABLE_HARDENED_RUNTIME = YES;
				ENABLE_OUTGOING_NETWORK_CONNECTIONS = YES;
				ENABLE_USER_SELECTED_FILES = readonly;
				GENERATE_INFOPLIST_FILE = YES;
				INFOPLIST_FILE = "macOS (App)/Info.plist";
				INFOPLIST_KEY_CFBundleDisplayName = "Archive.ph Opener";
				INFOPLIST_KEY_NSMainStoryboardFile = Main;
				INFOPLIST_KEY_NSPrincipalClass = NSApplication;
				LD_RUNPATH_SEARCH_PATHS = (
					"$(inherited)",
					"@executable_path/../Frameworks",
				);
				MACOSX_DEPLOYMENT_TARGET = 12.0;
				MARKETING_VERSION = 1.0;
				OTHER_LDFLAGS = (
					"-framework",
					SafariServices,
					"-framework",
					WebKit,
				);
				PRODUCT_BUNDLE_IDENTIFIER = ie.boboco.ArchivePhOpener;
				PRODUCT_NAME = "Archive.ph Opener";
				REGISTER_APP_GROUPS = YES;
				SDKROOT = macosx;
				STRING_CATALOG_GENERATE_SYMBOLS = YES;
				SWIFT_APPROACHABLE_CONCURRENCY = YES;
				SWIFT_DEFAULT_ACTOR_ISOLATION = MainActor;
				SWIFT_EMIT_LOC_STRINGS = YES;
				SWIFT_UPCOMING_FEATURE_MEMBER_IMPORT_VISIBILITY = YES;
				SWIFT_VERSION = 5.0;
			};
			name = Debug;
		};
		94FA3DF3306ABC8600026399 /* Release configuration for PBXNativeTarget "Archive.ph Opener (macOS)" */ = {
			isa = XCBuildConfiguration;
			buildSettings = {
				ASSETCATALOG_COMPILER_APPICON_NAME = AppIcon;
				ASSETCATALOG_COMPILER_GLOBAL_ACCENT_COLOR_NAME = AccentColor;
				CODE_SIGN_STYLE = Automatic;
				CURRENT_PROJECT_VERSION = 1;
				ENABLE_APP_SANDBOX = YES;
				ENABLE_HARDENED_RUNTIME = YES;
				ENABLE_OUTGOING_NETWORK_CONNECTIONS = YES;
				ENABLE_USER_SELECTED_FILES = readonly;
				GENERATE_INFOPLIST_FILE = YES;
				INFOPLIST_FILE = "macOS (App)/Info.plist";
				INFOPLIST_KEY_CFBundleDisplayName = "Archive.ph Opener";
				INFOPLIST_KEY_NSMainStoryboardFile = Main;
				INFOPLIST_KEY_NSPrincipalClass = NSApplication;
				LD_RUNPATH_SEARCH_PATHS = (
					"$(inherited)",
					"@executable_path/../Frameworks",
				);
				MACOSX_DEPLOYMENT_TARGET = 12.0;
				MARKETING_VERSION = 1.0;
				OTHER_LDFLAGS = (
					"-framework",
					SafariServices,
					"-framework",
					WebKit,
				);
				PRODUCT_BUNDLE_IDENTIFIER = ie.boboco.ArchivePhOpener;
				PRODUCT_NAME = "Archive.ph Opener";
				REGISTER_APP_GROUPS = YES;
				SDKROOT = macosx;
				STRING_CATALOG_GENERATE_SYMBOLS = YES;
				SWIFT_APPROACHABLE_CONCURRENCY = YES;
				SWIFT_DEFAULT_ACTOR_ISOLATION = MainActor;
				SWIFT_EMIT_LOC_STRINGS = YES;
				SWIFT_UPCOMING_FEATURE_MEMBER_IMPORT_VISIBILITY = YES;
				SWIFT_VERSION = 5.0;
			};
			name = Release;
		};
/* End XCBuildConfiguration section */

/* Begin XCConfigurationList section */
		94FA3D98306ABC8400026399 /* Build configuration list for PBXProject "Archive.ph Opener" */ = {
			isa = XCConfigurationList;
			buildConfigurations = (
				94FA3DE4306ABC8600026399 /* Debug configuration for PBXProject "Archive.ph Opener" */,
				94FA3DE5306ABC8600026399 /* Release configuration for PBXProject "Archive.ph Opener" */,
			);
			defaultConfigurationName = Release;
		};
		94FA3DE6306ABC8600026399 /* Build configuration list for PBXNativeTarget "Archive.ph Opener Extension (iOS)" */ = {
			isa = XCConfigurationList;
			buildConfigurations = (
				94FA3DE7306ABC8600026399 /* Debug configuration for PBXNativeTarget "Archive.ph Opener Extension (iOS)" */,
				94FA3DE8306ABC8600026399 /* Release configuration for PBXNativeTarget "Archive.ph Opener Extension (iOS)" */,
			);
			defaultConfigurationName = Release;
		};
		94FA3DEA306ABC8600026399 /* Build configuration list for PBXNativeTarget "Archive.ph Opener (iOS)" */ = {
			isa = XCConfigurationList;
			buildConfigurations = (
				94FA3DEB306ABC8600026399 /* Debug configuration for PBXNativeTarget "Archive.ph Opener (iOS)" */,
				94FA3DEC306ABC8600026399 /* Release configuration for PBXNativeTarget "Archive.ph Opener (iOS)" */,
			);
			defaultConfigurationName = Release;
		};
		94FA3DED306ABC8600026399 /* Build configuration list for PBXNativeTarget "Archive.ph Opener Extension (macOS)" */ = {
			isa = XCConfigurationList;
			buildConfigurations = (
				94FA3DEE306ABC8600026399 /* Debug configuration for PBXNativeTarget "Archive.ph Opener Extension (macOS)" */,
				94FA3DEF306ABC8600026399 /* Release configuration for PBXNativeTarget "Archive.ph Opener Extension (macOS)" */,
			);
			defaultConfigurationName = Release;
		};
		94FA3DF1306ABC8600026399 /* Build configuration list for PBXNativeTarget "Archive.ph Opener (macOS)" */ = {
			isa = XCConfigurationList;
			buildConfigurations = (
				94FA3DF2306ABC8600026399 /* Debug configuration for PBXNativeTarget "Archive.ph Opener (macOS)" */,
				94FA3DF3306ABC8600026399 /* Release configuration for PBXNativeTarget "Archive.ph Opener (macOS)" */,
			);
			defaultConfigurationName = Release;
		};
/* End XCConfigurationList section */
	};
	rootObject = 94FA3D95306ABC8400026399 /* Project object */;
	validationLevel = 1;
}
